// !$*UTF8*$!
{
	archiveVersion = 1;
	classes = {
	};
	objectVersion = 56;
	objects = {

/* Begin PBXBuildFile section */
		9E68E1432A39B0200032F31E /* AppDelegate.swift in Sources */ = {isa = PBXBuildFile; fileRef = 9E68E1422A39B0200032F31E /* AppDelegate.swift */; };
		9E68E1452A39B0200032F31E /* SceneDelegate.swift in Sources */ = {isa = PBXBuildFile; fileRef = 9E68E1442A39B0200032F31E /* SceneDelegate.swift */; };
		9E68E1472A39B0200032F31E /* ViewController.swift in Sources */ = {isa = PBXBuildFile; fileRef = 9E68E1462A39B0200032F31E /* ViewController.swift */; };
		9E68E14A2A39B0200032F31E /* Main.storyboard in Resources */ = {isa = PBXBuildFile; fileRef = 9E68E1482A39B0200032F31E /* Main.storyboard */; };
		9E68E14C2A39B0210032F31E /* Assets.xcassets in Resources */ = {isa = PBXBuildFile; fileRef = 9E68E14B2A39B0210032F31E /* Assets.xcassets */; };
		9E68E14F2A39B0210032F31E /* LaunchScreen.storyboard in Resources */ = {isa = PBXBuildFile; fileRef = 9E68E14D2A39B0210032F31E /* LaunchScreen.storyboard */; };
		9E68E15A2A39B0210032F31E /* calculatorProgectTests.swift in Sources */ = {isa = PBXBuildFile; fileRef = 9E68E1592A39B0210032F31E /* calculatorProgectTests.swift */; };
		9E68E1642A39B0210032F31E /* calculatorProgectUITests.swift in Sources */ = {isa = PBXBuildFile; fileRef = 9E68E1632A39B0210032F31E /* calculatorProgectUITests.swift */; };
		9E68E1662A39B0210032F31E /* calculatorProgectUITestsLaunchTests.swift in Sources */ = {isa = PBXBuildFile; fileRef = 9E68E1652A39B0210032F31E /* calculatorProgectUITestsLaunchTests.swift */; };
		9E8C302A2A3A26F100AD1741 /* HViewController.swift in Sources */ = {isa = PBXBuildFile; fileRef = 9E8C30292A3A26F100AD1741 /* HViewController.swift */; };
/* End PBXBuildFile section */

/* Begin PBXContainerItemProxy section */
		9E68E1562A39B0210032F31E /* PBXContainerItemProxy */ = {
			isa = PBXContainerItemProxy;
			containerPortal = 9E68E1372A39B01F0032F31E /* Project object */;
			proxyType = 1;
			remoteGlobalIDString = 9E68E13E2A39B01F0032F31E;
			remoteInfo = calculatorProgect;
		};
		9E68E1602A39B0210032F31E /* PBXContainerItemProxy */ = {
			isa = PBXContainerItemProxy;
			containerPortal = 9E68E1372A39B01F0032F31E /* Project object */;
			proxyType = 1;
			remoteGlobalIDString = 9E68E13E2A39B01F0032F31E;
			remoteInfo = calculatorProgect;
		};
/* End PBXContainerItemProxy section */

/* Begin PBXFileReference section */
		9E68E13F2A39B0200032F31E /* calculatorProgect.app */ = {isa = PBXFileReference; explicitFileType = wrapper.application; includeInIndex = 0; path = calculatorProgect.app; sourceTree = BUILT_PRODUCTS_DIR; };
		9E68E1422A39B0200032F31E /* AppDelegate.swift */ = {isa = PBXFileReference; lastKnownFileType = sourcecode.swift; path = AppDelegate.swift; sourceTree = "<group>"; };
		9E68E1442A39B0200032F31E /* SceneDelegate.swift */ = {isa = PBXFileReference; lastKnownFileType = sourcecode.swift; path = SceneDelegate.swift; sourceTree = "<group>"; };
		9E68E1462A39B0200032F31E /* ViewController.swift */ = {isa = PBXFileReference; lastKnownFileType = sourcecode.swift; path = ViewController.swift; sourceTree = "<group>"; };
		9E68E1492A39B0200032F31E /* Base */ = {isa = PBXFileReference; lastKnownFileType = file.storyboard; name = Base; path = Base.lproj/Main.storyboard; sourceTree = "<group>"; };
		9E68E14B2A39B0210032F31E /* Assets.xcassets */ = {isa = PBXFileReference; lastKnownFileType = folder.assetcatalog; path = Assets.xcassets; sourceTree = "<group>"; };
		9E68E14E2A39B0210032F31E /* Base */ = {isa = PBXFileReference; lastKnownFileType = file.storyboard; name = Base; path = Base.lproj/LaunchScreen.storyboard; sourceTree = "<group>"; };
		9E68E1502A39B0210032F31E /* Info.plist */ = {isa = PBXFileReference; lastKnownFileType = text.plist.xml; path = Info.plist; sourceTree = "<group>"; };
		9E68E1552A39B0210032F31E /* calculatorProgectTests.xctest */ = {isa = PBXFileReference; explicitFileType = wrapper.cfbundle; includeInIndex = 0; path = calculatorProgectTests.xctest; sourceTree = BUILT_PRODUCTS_DIR; };
		9E68E1592A39B0210032F31E /* calculatorProgectTests.swift */ = {isa = PBXFileReference; lastKnownFileType = sourcecode.swift; path = calculatorProgectTests.swift; sourceTree = "<group>"; };
		9E68E15F2A39B0210032F31E /* calculatorProgectUITests.xctest */ = {isa = PBXFileReference; explicitFileType = wrapper.cfbundle; includeInIndex = 0; path = calculatorProgectUITests.xctest; sourceTree = BUILT_PRODUCTS_DIR; };
		9E68E1632A39B0210032F31E /* calculatorProgectUITests.swift */ = {isa = PBXFileReference; lastKnownFileType = sourcecode.swift; path = calculatorProgectUITests.swift; sourceTree = "<group>"; };
		9E68E1652A39B0210032F31E /* calculatorProgectUITestsLaunchTests.swift */ = {isa = PBXFileReference; lastKnownFileType = sourcecode.swift; path = calculatorProgectUITestsLaunchTests.swift; sourceTree = "<group>"; };
		9E8C30292A3A26F100AD1741 /* HViewController.swift */ = {isa = PBXFileReference; lastKnownFileType = sourcecode.swift; path = HViewController.swift; sourceTree = "<group>"; };
/* End PBXFileReference section */

/* Begin PBXFrameworksBuildPhase section */
		9E68E13C2A39B01F0032F31E /* Frameworks */ = {
			isa = PBXFrameworksBuildPhase;
			buildActionMask = 2147483647;
			files = (
			);
			runOnlyForDeploymentPostprocessing = 0;
		};
		9E68E1522A39B0210032F31E /* Frameworks */ = {
			isa = PBXFrameworksBuildPhase;
			buildActionMask = 2147483647;
			files = (
			);
			runOnlyForDeploymentPostprocessing = 0;
		};
		9E68E15C2A39B0210032F31E /* Frameworks */ = {
			isa = PBXFrameworksBuildPhase;
			buildActionMask = 2147483647;
			files = (
			);
			runOnlyForDeploymentPostprocessing = 0;
		};
/* End PBXFrameworksBuildPhase section */

/* Begin PBXGroup section */
		9E68E1362A39B01F0032F31E = {
			isa = PBXGroup;
			children = (
				9E68E1412A39B0200032F31E /* calculatorProgect */,
				9E68E1582A39B0210032F31E /* calculatorProgectTests */,
				9E68E1622A39B0210032F31E /* calculatorProgectUITests */,
				9E68E1402A39B0200032F31E /* Products */,
			);
			sourceTree = "<group>";
		};
		9E68E1402A39B0200032F31E /* Products */ = {
			isa = PBXGroup;
			children = (
				9E68E13F2A39B0200032F31E /* calculatorProgect.app */,
				9E68E1552A39B0210032F31E /* calculatorProgectTests.xctest */,
				9E68E15F2A39B0210032F31E /* calculatorProgectUITests.xctest */,
			);
			name = Products;
			sourceTree = "<group>";
		};
		9E68E1412A39B0200032F31E /* calculatorProgect */ = {
			isa = PBXGroup;
			children = (
				9E68E1422A39B0200032F31E /* AppDelegate.swift */,
				9E68E1442A39B0200032F31E /* SceneDelegate.swift */,
				9E68E1462A39B0200032F31E /* ViewController.swift */,
				9E68E1482A39B0200032F31E /* Main.storyboard */,
				9E8C30292A3A26F100AD1741 /* HViewController.swift */,
				9E68E14B2A39B0210032F31E /* Assets.xcassets */,
				9E68E14D2A39B0210032F31E /* LaunchScreen.storyboard */,
				9E68E1502A39B0210032F31E /* Info.plist */,
			);
			path = calculatorProgect;
			sourceTree = "<group>";
		};
		9E68E1582A39B0210032F31E /* calculatorProgectTests */ = {
			isa = PBXGroup;
			children = (
				9E68E1592A39B0210032F31E /* calculatorProgectTests.swift */,
			);
			path = calculatorProgectTests;
			sourceTree = "<group>";
		};
		9E68E1622A39B0210032F31E /* calculatorProgectUITests */ = {
			isa = PBXGroup;
			children = (
				9E68E1632A39B0210032F31E /* calculatorProgectUITests.swift */,
				9E68E1652A39B0210032F31E /* calculatorProgectUITestsLaunchTests.swift */,
			);
			path = calculatorProgectUITests;
			sourceTree = "<group>";
		};
/* End PBXGroup section */

/* Begin PBXNativeTarget section */
		9E68E13E2A39B01F0032F31E /* calculatorProgect */ = {
			isa = PBXNativeTarget;
			buildConfigurationList = 9E68E1692A39B0210032F31E /* Build configuration list for PBXNativeTarget "calculatorProgect" */;
			buildPhases = (
				9E68E13B2A39B01F0032F31E /* Sources */,
				9E68E13C2A39B01F0032F31E /* Frameworks */,
				9E68E13D2A39B01F0032F31E /* Resources */,
			);
			buildRules = (
			);
			dependencies = (
			);
			name = calculatorProgect;
			productName = calculatorProgect;
			productReference = 9E68E13F2A39B0200032F31E /* calculatorProgect.app */;
			productType = "com.apple.product-type.application";
		};
		9E68E1542A39B0210032F31E /* calculatorProgectTests */ = {
			isa = PBXNativeTarget;
			buildConfigurationList = 9E68E16C2A39B0210032F31E /* Build configuration list for PBXNativeTarget "calculatorProgectTests" */;
			buildPhases = (
				9E68E1512A39B0210032F31E /* Sources */,
				9E68E1522A39B0210032F31E /* Frameworks */,
				9E68E1532A39B0210032F31E /* Resources */,
			);
			buildRules = (
			);
			dependencies = (
				9E68E1572A39B0210032F31E /* PBXTargetDependency */,
			);
			name = calculatorProgectTests;
			productName = calculatorProgectTests;
			productReference = 9E68E1552A39B0210032F31E /* calculatorProgectTests.xctest */;
			productType = "com.apple.product-type.bundle.unit-test";
		};
		9E68E15E2A39B0210032F31E /* calculatorProgectUITests */ = {
			isa = PBXNativeTarget;
			buildConfigurationList = 9E68E16F2A39B0210032F31E /* Build configuration list for PBXNativeTarget "calculatorProgectUITests" */;
			buildPhases = (
				9E68E15B2A39B0210032F31E /* Sources */,
				9E68E15C2A39B0210032F31E /* Frameworks */,
				9E68E15D2A39B0210032F31E /* Resources */,
			);
			buildRules = (
			);
			dependencies = (
				9E68E1612A39B0210032F31E /* PBXTargetDependency */,
			);
			name = calculatorProgectUITests;
			productName = calculatorProgectUITests;
			productReference = 9E68E15F2A39B0210032F31E /* calculatorProgectUITests.xctest */;
			productType = "com.apple.product-type.bundle.ui-testing";
		};
/* End PBXNativeTarget section */

/* Begin PBXProject section */
		9E68E1372A39B01F0032F31E /* Project object */ = {
			isa = PBXProject;
			attributes = {
				BuildIndependentTargetsInParallel = 1;
				LastSwiftUpdateCheck = 1430;
				LastUpgradeCheck = 1430;
				TargetAttributes = {
					9E68E13E2A39B01F0032F31E = {
						CreatedOnToolsVersion = 14.3.1;
					};
					9E68E1542A39B0210032F31E = {
						CreatedOnToolsVersion = 14.3.1;
						TestTargetID = 9E68E13E2A39B01F0032F31E;
					};
					9E68E15E2A39B0210032F31E = {
						CreatedOnToolsVersion = 14.3.1;
						TestTargetID = 9E68E13E2A39B01F0032F31E;
					};
				};
			};
			buildConfigurationList = 9E68E13A2A39B01F0032F31E /* Build configuration list for PBXProject "calculatorProgect" */;
			compatibilityVersion = "Xcode 14.0";
			developmentRegion = en;
			hasScannedForEncodings = 0;
			knownRegions = (
				en,
				Base,
			);
			mainGroup = 9E68E1362A39B01F0032F31E;
			productRefGroup = 9E68E1402A39B0200032F31E /* Products */;
			projectDirPath = "";
			projectRoot = "";
			targets = (
				9E68E13E2A39B01F0032F31E /* calculatorProgect */,
				9E68E1542A39B0210032F31E /* calculatorProgectTests */,
				9E68E15E2A39B0210032F31E /* calculatorProgectUITests */,
			);
		};
/* End PBXProject section */

/* Begin PBXResourcesBuildPhase section */
		9E68E13D2A39B01F0032F31E /* Resources */ = {
			isa = PBXResourcesBuildPhase;
			buildActionMask = 2147483647;
			files = (
				9E68E14F2A39B0210032F31E /* LaunchScreen.storyboard in Resources */,
				9E68E14C2A39B0210032F31E /* Assets.xcassets in Resources */,
				9E68E14A2A39B0200032F31E /* Main.storyboard in Resources */,
			);
			runOnlyForDeploymentPostprocessing = 0;
		};
		9E68E1532A39B0210032F31E /* Resources */ = {
			isa = PBXResourcesBuildPhase;
			buildActionMask = 2147483647;
			files = (
			);
			runOnlyForDeploymentPostprocessing = 0;
		};
		9E68E15D2A39B0210032F31E /* Resources */ = {
			isa = PBXResourcesBuildPhase;
			buildActionMask = 2147483647;
			files = (
			);
			runOnlyForDeploymentPostprocessing = 0;
		};
/* End PBXResourcesBuildPhase section */

/* Begin PBXSourcesBuildPhase section */
		9E68E13B2A39B01F0032F31E /* Sources */ = {
			isa = PBXSourcesBuildPhase;
			buildActionMask = 2147483647;
			files = (
				9E68E1472A39B0200032F31E /* ViewController.swift in Sources */,
				9E68E1432A39B0200032F31E /* AppDelegate.swift in Sources */,
				9E68E1452A39B0200032F31E /* SceneDelegate.swift in Sources */,
				9E8C302A2A3A26F100AD1741 /* HViewController.swift in Sources */,
			);
			runOnlyForDeploymentPostprocessing = 0;
		};
		9E68E1512A39B0210032F31E /* Sources */ = {
			isa = PBXSourcesBuildPhase;
			buildActionMask = 2147483647;
			files = (
				9E68E15A2A39B0210032F31E /* calculatorProgectTests.swift in Sources */,
			);
			runOnlyForDeploymentPostprocessing = 0;
		};
		9E68E15B2A39B0210032F31E /* Sources */ = {
			isa = PBXSourcesBuildPhase;
			buildActionMask = 2147483647;
			files = (
				9E68E1642A39B0210032F31E /* calculatorProgectUITests.swift in Sources */,
				9E68E1662A39B0210032F31E /* calculatorProgectUITestsLaunchTests.swift in Sources */,
			);
			runOnlyForDeploymentPostprocessing = 0;
		};
/* End PBXSourcesBuildPhase section */

/* Begin PBXTargetDependency section */
		9E68E1572A39B0210032F31E /* PBXTargetDependency */ = {
			isa = PBXTargetDependency;
			target = 9E68E13E2A39B01F0032F31E /* calculatorProgect */;
			targetProxy = 9E68E1562A39B0210032F31E /* PBXContainerItemProxy */;
		};
		9E68E1612A39B0210032F31E /* PBXTargetDependency */ = {
			isa = PBXTargetDependency;
			target = 9E68E13E2A39B01F0032F31E /* calculatorProgect */;
			targetProxy = 9E68E1602A39B0210032F31E /* PBXContainerItemProxy */;
		};
/* End PBXTargetDependency section */

/* Begin PBXVariantGroup section */
		9E68E1482A39B0200032F31E /* Main.storyboard */ = {
			isa = PBXVariantGroup;
			children = (
				9E68E1492A39B0200032F31E /* Base */,
			);
			name = Main.storyboard;
			sourceTree = "<group>";
		};
		9E68E14D2A39B0210032F31E /* LaunchScreen.storyboard */ = {
			isa = PBXVariantGroup;
			children = (
				9E68E14E2A39B0210032F31E /* Base */,
			);
			name = LaunchScreen.storyboard;
			sourceTree = "<group>";
		};
/* End PBXVariantGroup section */

/* Begin XCBuildConfiguration section */
		9E68E1672A39B0210032F31E /* Debug */ = {
			isa = XCBuildConfiguration;
			buildSettings = {
				ALWAYS_SEARCH_USER_PATHS = NO;
				CLANG_ANALYZER_NONNULL = YES;
				CLANG_ANALYZER_NUMBER_OBJECT_CONVERSION = YES_AGGRESSIVE;
				CLANG_CXX_LANGUAGE_STANDARD = "gnu++20";
				CLANG_ENABLE_MODULES = YES;
				CLANG_ENABLE_OBJC_ARC = YES;
				CLANG_ENABLE_OBJC_WEAK = YES;
				CLANG_WARN_BLOCK_CAPTURE_AUTORELEASING = YES;
				CLANG_WARN_BOOL_CONVERSION = YES;
				CLANG_WARN_COMMA = YES;
				CLANG_WARN_CONSTANT_CONVERSION = YES;
				CLANG_WARN_DEPRECATED_OBJC_IMPLEMENTATIONS = YES;
				CLANG_WARN_DIRECT_OBJC_ISA_USAGE = YES_ERROR;
				CLANG_WARN_DOCUMENTATION_COMMENTS = YES;
				CLANG_WARN_EMPTY_BODY = YES;
				CLANG_WARN_ENUM_CONVERSION = YES;
				CLANG_WARN_INFINITE_RECURSION = YES;
				CLANG_WARN_INT_CONVERSION = YES;
				CLANG_WARN_NON_LITERAL_NULL_CONVERSION = YES;
				CLANG_WARN_OBJC_IMPLICIT_RETAIN_SELF = YES;
				CLANG_WARN_OBJC_LITERAL_CONVERSION = YES;
				CLANG_WARN_OBJC_ROOT_CLASS = YES_ERROR;
				CLANG_WARN_QUOTED_INCLUDE_IN_FRAMEWORK_HEADER = YES;
				CLANG_WARN_RANGE_LOOP_ANALYSIS = YES;
				CLANG_WARN_STRICT_PROTOTYPES = YES;
				CLANG_WARN_SUSPICIOUS_MOVE = YES;
				CLANG_WARN_UNGUARDED_AVAILABILITY = YES_AGGRESSIVE;
				CLANG_WARN_UNREACHABLE_CODE = YES;
				CLANG_WARN__DUPLICATE_METHOD_MATCH = YES;
				COPY_PHASE_STRIP = NO;
				DEBUG_INFORMATION_FORMAT = dwarf;
				ENABLE_STRICT_OBJC_MSGSEND = YES;
				ENABLE_TESTABILITY = YES;
				GCC_C_LANGUAGE_STANDARD = gnu11;
				GCC_DYNAMIC_NO_PIC = NO;
				GCC_NO_COMMON_BLOCKS = YES;
				GCC_OPTIMIZATION_LEVEL = 0;
				GCC_PREPROCESSOR_DEFINITIONS = (
					"DEBUG=1",
					"$(inherited)",
				);
				GCC_WARN_64_TO_32_BIT_CONVERSION = YES;
				GCC_WARN_ABOUT_RETURN_TYPE = YES_ERROR;
				GCC_WARN_UNDECLARED_SELECTOR = YES;
				GCC_WARN_UNINITIALIZED_AUTOS = YES_AGGRESSIVE;
				GCC_WARN_UNUSED_FUNCTION = YES;
				GCC_WARN_UNUSED_VARIABLE = YES;
				IPHONEOS_DEPLOYMENT_TARGET = 16.4;
				MTL_ENABLE_DEBUG_INFO = INCLUDE_SOURCE;
				MTL_FAST_MATH = YES;
				ONLY_ACTIVE_ARCH = YES;
				SDKROOT = iphoneos;
				SWIFT_ACTIVE_COMPILATION_CONDITIONS = DEBUG;
				SWIFT_OPTIMIZATION_LEVEL = "-Onone";
			};
			name = Debug;
		};
		9E68E1682A39B0210032F31E /* Release */ = {
			isa = XCBuildConfiguration;
			buildSettings = {
				ALWAYS_SEARCH_USER_PATHS = NO;
				CLANG_ANALYZER_NONNULL = YES;
				CLANG_ANALYZER_NUMBER_OBJECT_CONVERSION = YES_AGGRESSIVE;
				CLANG_CXX_LANGUAGE_STANDARD = "gnu++20";
				CLANG_ENABLE_MODULES = YES;
				CLANG_ENABLE_OBJC_ARC = YES;
				CLANG_ENABLE_OBJC_WEAK = YES;
				CLANG_WARN_BLOCK_CAPTURE_AUTORELEASING = YES;
				CLANG_WARN_BOOL_CONVERSION = YES;
				CLANG_WARN_COMMA = YES;
				CLANG_WARN_CONSTANT_CONVERSION = YES;
				CLANG_WARN_DEPRECATED_OBJC_IMPLEMENTATIONS = YES;
				CLANG_WARN_DIRECT_OBJC_ISA_USAGE = YES_ERROR;
				CLANG_WARN_DOCUMENTATION_COMMENTS = YES;
				CLANG_WARN_EMPTY_BODY = YES;
				CLANG_WARN_ENUM_CONVERSION = YES;
				CLANG_WARN_INFINITE_RECURSION = YES;
				CLANG_WARN_INT_CONVERSION = YES;
				CLANG_WARN_NON_LITERAL_NULL_CONVERSION = YES;
				CLANG_WARN_OBJC_IMPLICIT_RETAIN_SELF = YES;
				CLANG_WARN_OBJC_LITERAL_CONVERSION = YES;
				CLANG_WARN_OBJC_ROOT_CLASS = YES_ERROR;
				CLANG_WARN_QUOTED_INCLUDE_IN_FRAMEWORK_HEADER = YES;
				CLANG_WARN_RANGE_LOOP_ANALYSIS = YES;
				CLANG_WARN_STRICT_PROTOTYPES = YES;
				CLANG_WARN_SUSPICIOUS_MOVE = YES;
				CLANG_WARN_UNGUARDED_AVAILABILITY = YES_AGGRESSIVE;
				CLANG_WARN_UNREACHABLE_CODE = YES;
				CLANG_WARN__DUPLICATE_METHOD_MATCH = YES;
				COPY_PHASE_STRIP = NO;
				DEBUG_INFORMATION_FORMAT = "dwarf-with-dsym";
				ENABLE_NS_ASSERTIONS = NO;
				ENABLE_STRICT_OBJC_MSGSEND = YES;
				GCC_C_LANGUAGE_STANDARD = gnu11;
				GCC_NO_COMMON_BLOCKS = YES;
				GCC_WARN_64_TO_32_BIT_CONVERSION = YES;
				GCC_WARN_ABOUT_RETURN_TYPE = YES_ERROR;
				GCC_WARN_UNDECLARED_SELECTOR = YES;
				GCC_WARN_UNINITIALIZED_AUTOS = YES_AGGRESSIVE;
				GCC_WARN_UNUSED_FUNCTION = YES;
				GCC_WARN_UNUSED_VARIABLE = YES;
				IPHONEOS_DEPLOYMENT_TARGET = 16.4;
				MTL_ENABLE_DEBUG_INFO = NO;
				MTL_FAST_MATH = YES;
				SDKROOT = iphoneos;
				SWIFT_COMPILATION_MODE = wholemodule;
				SWIFT_OPTIMIZATION_LEVEL = "-O";
				VALIDATE_PRODUCT = YES;
			};
			name = Release;
		};
		9E68E16A2A39B0210032F31E /* Debug */ = {
			isa = XCBuildConfiguration;
			buildSettings = {
				ASSETCATALOG_COMPILER_APPICON_NAME = AppIcon;
				ASSETCATALOG_COMPILER_GLOBAL_ACCENT_COLOR_NAME = AccentColor;
				CODE_SIGN_STYLE = Automatic;
				CURRENT_PROJECT_VERSION = 1;
				GENERATE_INFOPLIST_FILE = YES;
				INFOPLIST_FILE = calculatorProgect/Info.plist;
				INFOPLIST_KEY_UIApplicationSupportsIndirectInputEvents = YES;
				INFOPLIST_KEY_UILaunchStoryboardName = LaunchScreen;
				INFOPLIST_KEY_UIMainStoryboardFile = Main;
				INFOPLIST_KEY_UISupportedInterfaceOrientations_iPad = "UIInterfaceOrientationPortrait UIInterfaceOrientationPortraitUpsideDown UIInterfaceOrientationLandscapeLeft UIInterfaceOrientationLandscapeRight";
				INFOPLIST_KEY_UISupportedInterfaceOrientations_iPhone = "UIInterfaceOrientationPortrait UIInterfaceOrientationLandscapeLeft UIInterfaceOrientationLandscapeRight";
				LD_RUNPATH_SEARCH_PATHS = (
					"$(inherited)",
					"@executable_path/Frameworks",
				);
				MARKETING_VERSION = 1.0;
				PRODUCT_BUNDLE_IDENTIFIER = CalculatorProject.calculatorProgect;
				PRODUCT_NAME = "$(TARGET_NAME)";
				SWIFT_EMIT_LOC_STRINGS = YES;
				SWIFT_VERSION = 5.0;
				TARGETED_DEVICE_FAMILY = "1,2";
			};
			name = Debug;
		};
		9E68E16B2A39B0210032F31E /* Release */ = {
			isa = XCBuildConfiguration;
			buildSettings = {
				ASSETCATALOG_COMPILER_APPICON_NAME = AppIcon;
				ASSETCATALOG_COMPILER_GLOBAL_ACCENT_COLOR_NAME = AccentColor;
				CODE_SIGN_STYLE = Automatic;
				CURRENT_PROJECT_VERSION = 1;
				GENERATE_INFOPLIST_FILE = YES;
				INFOPLIST_FILE = calculatorProgect/Info.plist;
				INFOPLIST_KEY_UIApplicationSupportsIndirectInputEvents = YES;
				INFOPLIST_KEY_UILaunchStoryboardName = LaunchScreen;
				INFOPLIST_KEY_UIMainStoryboardFile = Main;
				INFOPLIST_KEY_UISupportedInterfaceOrientations_iPad = "UIInterfaceOrientationPortrait UIInterfaceOrientationPortraitUpsideDown UIInterfaceOrientationLandscapeLeft UIInterfaceOrientationLandscapeRight";
				INFOPLIST_KEY_UISupportedInterfaceOrientations_iPhone = "UIInterfaceOrientationPortrait UIInterfaceOrientationLandscapeLeft UIInterfaceOrientationLandscapeRight";
				LD_RUNPATH_SEARCH_PATHS = (
					"$(inherited)",
					"@executable_path/Frameworks",
				);
				MARKETING_VERSION = 1.0;
				PRODUCT_BUNDLE_IDENTIFIER = CalculatorProject.calculatorProgect;
				PRODUCT_NAME = "$(TARGET_NAME)";
				SWIFT_EMIT_LOC_STRINGS = YES;
				SWIFT_VERSION = 5.0;
				TARGETED_DEVICE_FAMILY = "1,2";
			};
			name = Release;
		};
		9E68E16D2A39B0210032F31E /* Debug */ = {
			isa = XCBuildConfiguration;
			buildSettings = {
				ALWAYS_EMBED_SWIFT_STANDARD_LIBRARIES = YES;
				BUNDLE_LOADER = "$(TEST_HOST)";
				CODE_SIGN_STYLE = Automatic;
				CURRENT_PROJECT_VERSION = 1;
				GENERATE_INFOPLIST_FILE = YES;
				IPHONEOS_DEPLOYMENT_TARGET = 16.4;
				MARKETING_VERSION = 1.0;
				PRODUCT_BUNDLE_IDENTIFIER = CalculatorProject.calculatorProgectTests;
				PRODUCT_NAME = "$(TARGET_NAME)";
				SWIFT_EMIT_LOC_STRINGS = NO;
				SWIFT_VERSION = 5.0;
				TARGETED_DEVICE_FAMILY = "1,2";
				TEST_HOST = "$(BUILT_PRODUCTS_DIR)/calculatorProgect.app/$(BUNDLE_EXECUTABLE_FOLDER_PATH)/calculatorProgect";
			};
			name = Debug;
		};
		9E68E16E2A39B0210032F31E /* Release */ = {
			isa = XCBuildConfiguration;
			buildSettings = {
				ALWAYS_EMBED_SWIFT_STANDARD_LIBRARIES = YES;
				BUNDLE_LOADER = "$(TEST_HOST)";
				CODE_SIGN_STYLE = Automatic;
				CURRENT_PROJECT_VERSION = 1;
				GENERATE_INFOPLIST_FILE = YES;
				IPHONEOS_DEPLOYMENT_TARGET = 16.4;
				MARKETING_VERSION = 1.0;
				PRODUCT_BUNDLE_IDENTIFIER = CalculatorProject.calculatorProgectTests;
				PRODUCT_NAME = "$(TARGET_NAME)";
				SWIFT_EMIT_LOC_STRINGS = NO;
				SWIFT_VERSION = 5.0;
				TARGETED_DEVICE_FAMILY = "1,2";
				TEST_HOST = "$(BUILT_PRODUCTS_DIR)/calculatorProgect.app/$(BUNDLE_EXECUTABLE_FOLDER_PATH)/calculatorProgect";
			};
			name = Release;
		};
		9E68E1702A39B0210032F31E /* Debug */ = {
			isa = XCBuildConfiguration;
			buildSettings = {
				ALWAYS_EMBED_SWIFT_STANDARD_LIBRARIES = YES;
				CODE_SIGN_STYLE = Automatic;
				CURRENT_PROJECT_VERSION = 1;
				GENERATE_INFOPLIST_FILE = YES;
				MARKETING_VERSION = 1.0;
				PRODUCT_BUNDLE_IDENTIFIER = CalculatorProject.calculatorProgectUITests;
				PRODUCT_NAME = "$(TARGET_NAME)";
				SWIFT_EMIT_LOC_STRINGS = NO;
				SWIFT_VERSION = 5.0;
				TARGETED_DEVICE_FAMILY = "1,2";
				TEST_TARGET_NAME = calculatorProgect;
			};
			name = Debug;
		};
		9E68E1712A39B0210032F31E /* Release */ = {
			isa = XCBuildConfiguration;
			buildSettings = {
				ALWAYS_EMBED_SWIFT_STANDARD_LIBRARIES = YES;
				CODE_SIGN_STYLE = Automatic;
				CURRENT_PROJECT_VERSION = 1;
				GENERATE_INFOPLIST_FILE = YES;
				MARKETING_VERSION = 1.0;
				PRODUCT_BUNDLE_IDENTIFIER = CalculatorProject.calculatorProgectUITests;
				PRODUCT_NAME = "$(TARGET_NAME)";
				SWIFT_EMIT_LOC_STRINGS = NO;
				SWIFT_VERSION = 5.0;
				TARGETED_DEVICE_FAMILY = "1,2";
				TEST_TARGET_NAME = calculatorProgect;
			};
			name = Release;
		};
/* End XCBuildConfiguration section */

/* Begin XCConfigurationList section */
		9E68E13A2A39B01F0032F31E /* Build configuration list for PBXProject "calculatorProgect" */ = {
			isa = XCConfigurationList;
			buildConfigurations = (
				9E68E1672A39B0210032F31E /* Debug */,
				9E68E1682A39B0210032F31E /* Release */,
			);
			defaultConfigurationIsVisible = 0;
			defaultConfigurationName = Release;
		};
		9E68E1692A39B0210032F31E /* Build configuration list for PBXNativeTarget "calculatorProgect" */ = {
			isa = XCConfigurationList;
			buildConfigurations = (
				9E68E16A2A39B0210032F31E /* Debug */,
				9E68E16B2A39B0210032F31E /* Release */,
			);
			defaultConfigurationIsVisible = 0;
			defaultConfigurationName = Release;
		};
		9E68E16C2A39B0210032F31E /* Build configuration list for PBXNativeTarget "calculatorProgectTests" */ = {
			isa = XCConfigurationList;
			buildConfigurations = (
				9E68E16D2A39B0210032F31E /* Debug */,
				9E68E16E2A39B0210032F31E /* Release */,
			);
			defaultConfigurationIsVisible = 0;
			defaultConfigurationName = Release;
		};
		9E68E16F2A39B0210032F31E /* Build configuration list for PBXNativeTarget "calculatorProgectUITests" */ = {
			isa = XCConfigurationList;
			buildConfigurations = (
				9E68E1702A39B0210032F31E /* Debug */,
				9E68E1712A39B0210032F31E /* Release */,
			);
			defaultConfigurationIsVisible = 0;
			defaultConfigurationName = Release;
		};
/* End XCConfigurationList section */
	};
	rootObject = 9E68E1372A39B01F0032F31E /* Project object */;
}
