// !$*UTF8*$!
{
	archiveVersion = 1;
	classes = {
	};
	objectVersion = 56;
	objects = {

/* Begin PBXBuildFile section */
		9E6E0ACF2A4C3E08005C4B97 /* ChallengeSwiftUIApp.swift in Sources */ = {isa = PBXBuildFile; fileRef = 9E6E0ACE2A4C3E08005C4B97 /* ChallengeSwiftUIApp.swift */; };
		9E6E0AD12A4C3E08005C4B97 /* ContentView.swift in Sources */ = {isa = PBXBuildFile; fileRef = 9E6E0AD02A4C3E08005C4B97 /* ContentView.swift */; };
		9E6E0AD32A4C3E0B005C4B97 /* Assets.xcassets in Resources */ = {isa = PBXBuildFile; fileRef = 9E6E0AD22A4C3E0B005C4B97 /* Assets.xcassets */; };
		9E6E0AD62A4C3E0B005C4B97 /* Preview Assets.xcassets in Resources */ = {isa = PBXBuildFile; fileRef = 9E6E0AD52A4C3E0B005C4B97 /* Preview Assets.xcassets */; };
		9E6E0AE02A4C3E0B005C4B97 /* ChallengeSwiftUITests.swift in Sources */ = {isa = PBXBuildFile; fileRef = 9E6E0ADF2A4C3E0B005C4B97 /* ChallengeSwiftUITests.swift */; };
		9E6E0AEA2A4C3E0B005C4B97 /* ChallengeSwiftUIUITests.swift in Sources */ = {isa = PBXBuildFile; fileRef = 9E6E0AE92A4C3E0B005C4B97 /* ChallengeSwiftUIUITests.swift */; };
		9E6E0AEC2A4C3E0B005C4B97 /* ChallengeSwiftUIUITestsLaunchTests.swift in Sources */ = {isa = PBXBuildFile; fileRef = 9E6E0AEB2A4C3E0B005C4B97 /* ChallengeSwiftUIUITestsLaunchTests.swift */; };
		9E6E0AFA2A4C3ED4005C4B97 /* RegistrationView.swift in Sources */ = {isa = PBXBuildFile; fileRef = 9E6E0AF92A4C3ED4005C4B97 /* RegistrationView.swift */; };
		9E6E0AFC2A4C3EF5005C4B97 /* LoginView.swift in Sources */ = {isa = PBXBuildFile; fileRef = 9E6E0AFB2A4C3EF5005C4B97 /* LoginView.swift */; };
		9E6E0AFF2A4C4423005C4B97 /* RegisterApi.swift in Sources */ = {isa = PBXBuildFile; fileRef = 9E6E0AFE2A4C4423005C4B97 /* RegisterApi.swift */; };
		9E6E0B042A4C4973005C4B97 /* Product.swift in Sources */ = {isa = PBXBuildFile; fileRef = 9E6E0B032A4C4973005C4B97 /* Product.swift */; };
		9E6E0B062A4C55B3005C4B97 /* CategoryListView.swift in Sources */ = {isa = PBXBuildFile; fileRef = 9E6E0B052A4C55B3005C4B97 /* CategoryListView.swift */; };
		9E6E0B082A4C5BD1005C4B97 /* TextFieldView.swift in Sources */ = {isa = PBXBuildFile; fileRef = 9E6E0B072A4C5BD1005C4B97 /* TextFieldView.swift */; };
		9E6E0B0B2A4C5DBB005C4B97 /* RegistertionViewModel.swift in Sources */ = {isa = PBXBuildFile; fileRef = 9E6E0B0A2A4C5DBB005C4B97 /* RegistertionViewModel.swift */; };
		9E6E0B0D2A4C8590005C4B97 /* ProductViewModel.swift in Sources */ = {isa = PBXBuildFile; fileRef = 9E6E0B0C2A4C8590005C4B97 /* ProductViewModel.swift */; };
		9E6E0B132A4C987A005C4B97 /* PasswordFieldView.swift in Sources */ = {isa = PBXBuildFile; fileRef = 9E6E0B122A4C987A005C4B97 /* PasswordFieldView.swift */; };
		9E6E0B152A4D5F56005C4B97 /* LoginApi.swift in Sources */ = {isa = PBXBuildFile; fileRef = 9E6E0B142A4D5F56005C4B97 /* LoginApi.swift */; };
		9E6E0B172A4D7FD3005C4B97 /* User.swift in Sources */ = {isa = PBXBuildFile; fileRef = 9E6E0B162A4D7FD3005C4B97 /* User.swift */; };
		9E6E0B192A4D87DE005C4B97 /* LoginViewModel.swift in Sources */ = {isa = PBXBuildFile; fileRef = 9E6E0B182A4D87DE005C4B97 /* LoginViewModel.swift */; };
		9E6E0B1B2A4D9589005C4B97 /* ProductView.swift in Sources */ = {isa = PBXBuildFile; fileRef = 9E6E0B1A2A4D9589005C4B97 /* ProductView.swift */; };
		9E6E0B222A4DD6C2005C4B97 /* AuthButton.swift in Sources */ = {isa = PBXBuildFile; fileRef = 9E6E0B212A4DD6C2005C4B97 /* AuthButton.swift */; };
		9EC566A42A51981A0031A20A /* ButtonView.swift in Sources */ = {isa = PBXBuildFile; fileRef = 9EC566A32A51981A0031A20A /* ButtonView.swift */; };
		9EC566AA2A51F6AF0031A20A /* FavoriteView.swift in Sources */ = {isa = PBXBuildFile; fileRef = 9EC566A92A51F6AF0031A20A /* FavoriteView.swift */; };
		9EC566AB2A51F6AF0031A20A /* FavoriteView.swift in Sources */ = {isa = PBXBuildFile; fileRef = 9EC566A92A51F6AF0031A20A /* FavoriteView.swift */; };
		9EC566AC2A51F6AF0031A20A /* FavoriteView.swift in Sources */ = {isa = PBXBuildFile; fileRef = 9EC566A92A51F6AF0031A20A /* FavoriteView.swift */; };
		9EC566AF2A52AF510031A20A /* FavoritesViewModel.swift in Sources */ = {isa = PBXBuildFile; fileRef = 9EC566AE2A52AF510031A20A /* FavoritesViewModel.swift */; };
		9EC566B02A52AF510031A20A /* FavoritesViewModel.swift in Sources */ = {isa = PBXBuildFile; fileRef = 9EC566AE2A52AF510031A20A /* FavoritesViewModel.swift */; };
		9EC566B12A52AF510031A20A /* FavoritesViewModel.swift in Sources */ = {isa = PBXBuildFile; fileRef = 9EC566AE2A52AF510031A20A /* FavoritesViewModel.swift */; };
		9EC566B52A52BDE30031A20A /* CategoryViewModel.swift in Sources */ = {isa = PBXBuildFile; fileRef = 9EC566B42A52BDE30031A20A /* CategoryViewModel.swift */; };
		9EC566B62A52BDE30031A20A /* CategoryViewModel.swift in Sources */ = {isa = PBXBuildFile; fileRef = 9EC566B42A52BDE30031A20A /* CategoryViewModel.swift */; };
		9EC566B72A52BDE30031A20A /* CategoryViewModel.swift in Sources */ = {isa = PBXBuildFile; fileRef = 9EC566B42A52BDE30031A20A /* CategoryViewModel.swift */; };
		9EC566B92A52CB880031A20A /* CastomProductView.swift in Sources */ = {isa = PBXBuildFile; fileRef = 9EC566B82A52CB880031A20A /* CastomProductView.swift */; };
		9EC566BA2A52CB880031A20A /* CastomProductView.swift in Sources */ = {isa = PBXBuildFile; fileRef = 9EC566B82A52CB880031A20A /* CastomProductView.swift */; };
		9EC566BB2A52CB880031A20A /* CastomProductView.swift in Sources */ = {isa = PBXBuildFile; fileRef = 9EC566B82A52CB880031A20A /* CastomProductView.swift */; };
		9EC566C12A52EEE00031A20A /* CategoryApi.swift in Sources */ = {isa = PBXBuildFile; fileRef = 9EC566C02A52EEE00031A20A /* CategoryApi.swift */; };
		9EC566C52A52F6D90031A20A /* ProductApi.swift in Sources */ = {isa = PBXBuildFile; fileRef = 9EC566C42A52F6D90031A20A /* ProductApi.swift */; };
		9EC566C92A5303590031A20A /* FavoriteApi.swift in Sources */ = {isa = PBXBuildFile; fileRef = 9EC566C82A5303590031A20A /* FavoriteApi.swift */; };
		9EC566CE2A543C260031A20A /* SearchView.swift in Sources */ = {isa = PBXBuildFile; fileRef = 9EC566CD2A543C250031A20A /* SearchView.swift */; };
		9EC566D02A5444B00031A20A /* SearchViewModel.swift in Sources */ = {isa = PBXBuildFile; fileRef = 9EC566CF2A5444B00031A20A /* SearchViewModel.swift */; };
		9EC566D22A5445330031A20A /* AllProductsAPI.swift in Sources */ = {isa = PBXBuildFile; fileRef = 9EC566D12A5445330031A20A /* AllProductsAPI.swift */; };
/* End PBXBuildFile section */

/* Begin PBXContainerItemProxy section */
		9E6E0ADC2A4C3E0B005C4B97 /* PBXContainerItemProxy */ = {
			isa = PBXContainerItemProxy;
			containerPortal = 9E6E0AC32A4C3E08005C4B97 /* Project object */;
			proxyType = 1;
			remoteGlobalIDString = 9E6E0ACA2A4C3E08005C4B97;
			remoteInfo = ChallengeSwiftUI;
		};
		9E6E0AE62A4C3E0B005C4B97 /* PBXContainerItemProxy */ = {
			isa = PBXContainerItemProxy;
			containerPortal = 9E6E0AC32A4C3E08005C4B97 /* Project object */;
			proxyType = 1;
			remoteGlobalIDString = 9E6E0ACA2A4C3E08005C4B97;
			remoteInfo = ChallengeSwiftUI;
		};
/* End PBXContainerItemProxy section */

/* Begin PBXFileReference section */
		9E6E0ACB2A4C3E08005C4B97 /* ChallengeSwiftUI.app */ = {isa = PBXFileReference; explicitFileType = wrapper.application; includeInIndex = 0; path = ChallengeSwiftUI.app; sourceTree = BUILT_PRODUCTS_DIR; };
		9E6E0ACE2A4C3E08005C4B97 /* ChallengeSwiftUIApp.swift */ = {isa = PBXFileReference; lastKnownFileType = sourcecode.swift; path = ChallengeSwiftUIApp.swift; sourceTree = "<group>"; };
		9E6E0AD02A4C3E08005C4B97 /* ContentView.swift */ = {isa = PBXFileReference; lastKnownFileType = sourcecode.swift; path = ContentView.swift; sourceTree = "<group>"; };
		9E6E0AD22A4C3E0B005C4B97 /* Assets.xcassets */ = {isa = PBXFileReference; lastKnownFileType = folder.assetcatalog; path = Assets.xcassets; sourceTree = "<group>"; };
		9E6E0AD52A4C3E0B005C4B97 /* Preview Assets.xcassets */ = {isa = PBXFileReference; lastKnownFileType = folder.assetcatalog; path = "Preview Assets.xcassets"; sourceTree = "<group>"; };
		9E6E0ADB2A4C3E0B005C4B97 /* ChallengeSwiftUITests.xctest */ = {isa = PBXFileReference; explicitFileType = wrapper.cfbundle; includeInIndex = 0; path = ChallengeSwiftUITests.xctest; sourceTree = BUILT_PRODUCTS_DIR; };
		9E6E0ADF2A4C3E0B005C4B97 /* ChallengeSwiftUITests.swift */ = {isa = PBXFileReference; lastKnownFileType = sourcecode.swift; path = ChallengeSwiftUITests.swift; sourceTree = "<group>"; };
		9E6E0AE52A4C3E0B005C4B97 /* ChallengeSwiftUIUITests.xctest */ = {isa = PBXFileReference; explicitFileType = wrapper.cfbundle; includeInIndex = 0; path = ChallengeSwiftUIUITests.xctest; sourceTree = BUILT_PRODUCTS_DIR; };
		9E6E0AE92A4C3E0B005C4B97 /* ChallengeSwiftUIUITests.swift */ = {isa = PBXFileReference; lastKnownFileType = sourcecode.swift; path = ChallengeSwiftUIUITests.swift; sourceTree = "<group>"; };
		9E6E0AEB2A4C3E0B005C4B97 /* ChallengeSwiftUIUITestsLaunchTests.swift */ = {isa = PBXFileReference; lastKnownFileType = sourcecode.swift; path = ChallengeSwiftUIUITestsLaunchTests.swift; sourceTree = "<group>"; };
		9E6E0AF92A4C3ED4005C4B97 /* RegistrationView.swift */ = {isa = PBXFileReference; lastKnownFileType = sourcecode.swift; path = RegistrationView.swift; sourceTree = "<group>"; };
		9E6E0AFB2A4C3EF5005C4B97 /* LoginView.swift */ = {isa = PBXFileReference; lastKnownFileType = sourcecode.swift; path = LoginView.swift; sourceTree = "<group>"; };
		9E6E0AFE2A4C4423005C4B97 /* RegisterApi.swift */ = {isa = PBXFileReference; lastKnownFileType = sourcecode.swift; path = RegisterApi.swift; sourceTree = "<group>"; };
		9E6E0B032A4C4973005C4B97 /* Product.swift */ = {isa = PBXFileReference; lastKnownFileType = sourcecode.swift; path = Product.swift; sourceTree = "<group>"; };
		9E6E0B052A4C55B3005C4B97 /* CategoryListView.swift */ = {isa = PBXFileReference; lastKnownFileType = sourcecode.swift; path = CategoryListView.swift; sourceTree = "<group>"; };
		9E6E0B072A4C5BD1005C4B97 /* TextFieldView.swift */ = {isa = PBXFileReference; lastKnownFileType = sourcecode.swift; path = TextFieldView.swift; sourceTree = "<group>"; };
		9E6E0B0A2A4C5DBB005C4B97 /* RegistertionViewModel.swift */ = {isa = PBXFileReference; lastKnownFileType = sourcecode.swift; path = RegistertionViewModel.swift; sourceTree = "<group>"; };
		9E6E0B0C2A4C8590005C4B97 /* ProductViewModel.swift */ = {isa = PBXFileReference; lastKnownFileType = sourcecode.swift; path = ProductViewModel.swift; sourceTree = "<group>"; };
		9E6E0B122A4C987A005C4B97 /* PasswordFieldView.swift */ = {isa = PBXFileReference; lastKnownFileType = sourcecode.swift; path = PasswordFieldView.swift; sourceTree = "<group>"; };
		9E6E0B142A4D5F56005C4B97 /* LoginApi.swift */ = {isa = PBXFileReference; lastKnownFileType = sourcecode.swift; path = LoginApi.swift; sourceTree = "<group>"; };
		9E6E0B162A4D7FD3005C4B97 /* User.swift */ = {isa = PBXFileReference; lastKnownFileType = sourcecode.swift; path = User.swift; sourceTree = "<group>"; };
		9E6E0B182A4D87DE005C4B97 /* LoginViewModel.swift */ = {isa = PBXFileReference; lastKnownFileType = sourcecode.swift; path = LoginViewModel.swift; sourceTree = "<group>"; };
		9E6E0B1A2A4D9589005C4B97 /* ProductView.swift */ = {isa = PBXFileReference; lastKnownFileType = sourcecode.swift; path = ProductView.swift; sourceTree = "<group>"; };
		9E6E0B212A4DD6C2005C4B97 /* AuthButton.swift */ = {isa = PBXFileReference; lastKnownFileType = sourcecode.swift; path = AuthButton.swift; sourceTree = "<group>"; };
		9EC566A32A51981A0031A20A /* ButtonView.swift */ = {isa = PBXFileReference; lastKnownFileType = sourcecode.swift; path = ButtonView.swift; sourceTree = "<group>"; };
		9EC566A92A51F6AF0031A20A /* FavoriteView.swift */ = {isa = PBXFileReference; lastKnownFileType = sourcecode.swift; path = FavoriteView.swift; sourceTree = "<group>"; };
		9EC566AE2A52AF510031A20A /* FavoritesViewModel.swift */ = {isa = PBXFileReference; lastKnownFileType = sourcecode.swift; path = FavoritesViewModel.swift; sourceTree = "<group>"; };
		9EC566B42A52BDE30031A20A /* CategoryViewModel.swift */ = {isa = PBXFileReference; lastKnownFileType = sourcecode.swift; path = CategoryViewModel.swift; sourceTree = "<group>"; };
		9EC566B82A52CB880031A20A /* CastomProductView.swift */ = {isa = PBXFileReference; lastKnownFileType = sourcecode.swift; path = CastomProductView.swift; sourceTree = "<group>"; };
		9EC566C02A52EEE00031A20A /* CategoryApi.swift */ = {isa = PBXFileReference; lastKnownFileType = sourcecode.swift; path = CategoryApi.swift; sourceTree = "<group>"; };
		9EC566C42A52F6D90031A20A /* ProductApi.swift */ = {isa = PBXFileReference; lastKnownFileType = sourcecode.swift; path = ProductApi.swift; sourceTree = "<group>"; };
		9EC566C82A5303590031A20A /* FavoriteApi.swift */ = {isa = PBXFileReference; lastKnownFileType = sourcecode.swift; path = FavoriteApi.swift; sourceTree = "<group>"; };
		9EC566CD2A543C250031A20A /* SearchView.swift */ = {isa = PBXFileReference; lastKnownFileType = sourcecode.swift; path = SearchView.swift; sourceTree = "<group>"; };
		9EC566CF2A5444B00031A20A /* SearchViewModel.swift */ = {isa = PBXFileReference; lastKnownFileType = sourcecode.swift; path = SearchViewModel.swift; sourceTree = "<group>"; };
		9EC566D12A5445330031A20A /* AllProductsAPI.swift */ = {isa = PBXFileReference; lastKnownFileType = sourcecode.swift; path = AllProductsAPI.swift; sourceTree = "<group>"; };
/* End PBXFileReference section */

/* Begin PBXFrameworksBuildPhase section */
		9E6E0AC82A4C3E08005C4B97 /* Frameworks */ = {
			isa = PBXFrameworksBuildPhase;
			buildActionMask = 2147483647;
			files = (
			);
			runOnlyForDeploymentPostprocessing = 0;
		};
		9E6E0AD82A4C3E0B005C4B97 /* Frameworks */ = {
			isa = PBXFrameworksBuildPhase;
			buildActionMask = 2147483647;
			files = (
			);
			runOnlyForDeploymentPostprocessing = 0;
		};
		9E6E0AE22A4C3E0B005C4B97 /* Frameworks */ = {
			isa = PBXFrameworksBuildPhase;
			buildActionMask = 2147483647;
			files = (
			);
			runOnlyForDeploymentPostprocessing = 0;
		};
/* End PBXFrameworksBuildPhase section */

/* Begin PBXGroup section */
		9E6E0AC22A4C3E08005C4B97 = {
			isa = PBXGroup;
			children = (
				9E6E0ACD2A4C3E08005C4B97 /* ChallengeSwiftUI */,
				9E6E0ADE2A4C3E0B005C4B97 /* ChallengeSwiftUITests */,
				9E6E0AE82A4C3E0B005C4B97 /* ChallengeSwiftUIUITests */,
				9E6E0ACC2A4C3E08005C4B97 /* Products */,
			);
			sourceTree = "<group>";
		};
		9E6E0ACC2A4C3E08005C4B97 /* Products */ = {
			isa = PBXGroup;
			children = (
				9E6E0ACB2A4C3E08005C4B97 /* ChallengeSwiftUI.app */,
				9E6E0ADB2A4C3E0B005C4B97 /* ChallengeSwiftUITests.xctest */,
				9E6E0AE52A4C3E0B005C4B97 /* ChallengeSwiftUIUITests.xctest */,
			);
			name = Products;
			sourceTree = "<group>";
		};
		9E6E0ACD2A4C3E08005C4B97 /* ChallengeSwiftUI */ = {
			isa = PBXGroup;
			children = (
				9EC566D42A55613B0031A20A /* Screens */,
				9EC566D32A55482B0031A20A /* Models */,
				9E6E0B202A4DD662005C4B97 /* Network */,
				9E6E0B1C2A4DC936005C4B97 /* CustomView */,
				9E6E0ACE2A4C3E08005C4B97 /* ChallengeSwiftUIApp.swift */,
				9E6E0AD22A4C3E0B005C4B97 /* Assets.xcassets */,
				9E6E0AD42A4C3E0B005C4B97 /* Preview Content */,
			);
			path = ChallengeSwiftUI;
			sourceTree = "<group>";
		};
		9E6E0AD42A4C3E0B005C4B97 /* Preview Content */ = {
			isa = PBXGroup;
			children = (
				9E6E0AD52A4C3E0B005C4B97 /* Preview Assets.xcassets */,
			);
			path = "Preview Content";
			sourceTree = "<group>";
		};
		9E6E0ADE2A4C3E0B005C4B97 /* ChallengeSwiftUITests */ = {
			isa = PBXGroup;
			children = (
				9E6E0ADF2A4C3E0B005C4B97 /* ChallengeSwiftUITests.swift */,
			);
			path = ChallengeSwiftUITests;
			sourceTree = "<group>";
		};
		9E6E0AE82A4C3E0B005C4B97 /* ChallengeSwiftUIUITests */ = {
			isa = PBXGroup;
			children = (
				9E6E0AE92A4C3E0B005C4B97 /* ChallengeSwiftUIUITests.swift */,
				9E6E0AEB2A4C3E0B005C4B97 /* ChallengeSwiftUIUITestsLaunchTests.swift */,
			);
			path = ChallengeSwiftUIUITests;
			sourceTree = "<group>";
		};
		9E6E0AF82A4C3EA9005C4B97 /* HomePage */ = {
			isa = PBXGroup;
			children = (
				9E6E0AD02A4C3E08005C4B97 /* ContentView.swift */,
				9EC566A32A51981A0031A20A /* ButtonView.swift */,
			);
			path = HomePage;
			sourceTree = "<group>";
		};
		9E6E0B1C2A4DC936005C4B97 /* CustomView */ = {
			isa = PBXGroup;
			children = (
				9E6E0B072A4C5BD1005C4B97 /* TextFieldView.swift */,
				9E6E0B122A4C987A005C4B97 /* PasswordFieldView.swift */,
				9E6E0B212A4DD6C2005C4B97 /* AuthButton.swift */,
				9EC566B82A52CB880031A20A /* CastomProductView.swift */,
			);
			path = CustomView;
			sourceTree = "<group>";
		};
		9E6E0B1D2A4DC95C005C4B97 /* Product */ = {
			isa = PBXGroup;
			children = (
				9E6E0B1A2A4D9589005C4B97 /* ProductView.swift */,
				9E6E0B0C2A4C8590005C4B97 /* ProductViewModel.swift */,
			);
			path = Product;
			sourceTree = "<group>";
		};
		9E6E0B1E2A4DC992005C4B97 /* Registertion */ = {
			isa = PBXGroup;
			children = (
				9E6E0B0A2A4C5DBB005C4B97 /* RegistertionViewModel.swift */,
				9E6E0AF92A4C3ED4005C4B97 /* RegistrationView.swift */,
			);
			path = Registertion;
			sourceTree = "<group>";
		};
		9E6E0B1F2A4DC9C3005C4B97 /* Login */ = {
			isa = PBXGroup;
			children = (
				9E6E0AFB2A4C3EF5005C4B97 /* LoginView.swift */,
				9E6E0B182A4D87DE005C4B97 /* LoginViewModel.swift */,
			);
			path = Login;
			sourceTree = "<group>";
		};
		9E6E0B202A4DD662005C4B97 /* Network */ = {
			isa = PBXGroup;
			children = (
				9EC566C02A52EEE00031A20A /* CategoryApi.swift */,
				9EC566C82A5303590031A20A /* FavoriteApi.swift */,
				9E6E0AFE2A4C4423005C4B97 /* RegisterApi.swift */,
				9EC566C42A52F6D90031A20A /* ProductApi.swift */,
				9E6E0B142A4D5F56005C4B97 /* LoginApi.swift */,
				9EC566D12A5445330031A20A /* AllProductsAPI.swift */,
			);
			path = Network;
			sourceTree = "<group>";
		};
		9EC566AD2A52AF160031A20A /* FavoriteProduct */ = {
			isa = PBXGroup;
			children = (
				9EC566A92A51F6AF0031A20A /* FavoriteView.swift */,
				9EC566AE2A52AF510031A20A /* FavoritesViewModel.swift */,
			);
			path = FavoriteProduct;
			sourceTree = "<group>";
		};
		9EC566B32A52B9E80031A20A /* CategoryList */ = {
			isa = PBXGroup;
			children = (
				9E6E0B052A4C55B3005C4B97 /* CategoryListView.swift */,
				9EC566B42A52BDE30031A20A /* CategoryViewModel.swift */,
			);
			path = CategoryList;
			sourceTree = "<group>";
		};
		9EC566CC2A543BFD0031A20A /* Search */ = {
			isa = PBXGroup;
			children = (
				9EC566CD2A543C250031A20A /* SearchView.swift */,
				9EC566CF2A5444B00031A20A /* SearchViewModel.swift */,
			);
			path = Search;
			sourceTree = "<group>";
		};
		9EC566D32A55482B0031A20A /* Models */ = {
			isa = PBXGroup;
			children = (
				9E6E0B032A4C4973005C4B97 /* Product.swift */,
				9E6E0B162A4D7FD3005C4B97 /* User.swift */,
			);
			path = Models;
			sourceTree = "<group>";
		};
		9EC566D42A55613B0031A20A /* Screens */ = {
			isa = PBXGroup;
			children = (
				9E6E0AF82A4C3EA9005C4B97 /* HomePage */,
				9E6E0B1E2A4DC992005C4B97 /* Registertion */,
				9E6E0B1D2A4DC95C005C4B97 /* Product */,
				9E6E0B1F2A4DC9C3005C4B97 /* Login */,
				9EC566B32A52B9E80031A20A /* CategoryList */,
				9EC566AD2A52AF160031A20A /* FavoriteProduct */,
				9EC566CC2A543BFD0031A20A /* Search */,
			);
			path = Screens;
			sourceTree = "<group>";
		};
/* End PBXGroup section */

/* Begin PBXNativeTarget section */
		9E6E0ACA2A4C3E08005C4B97 /* ChallengeSwiftUI */ = {
			isa = PBXNativeTarget;
			buildConfigurationList = 9E6E0AEF2A4C3E0B005C4B97 /* Build configuration list for PBXNativeTarget "ChallengeSwiftUI" */;
			buildPhases = (
				9E6E0AC72A4C3E08005C4B97 /* Sources */,
				9E6E0AC82A4C3E08005C4B97 /* Frameworks */,
				9E6E0AC92A4C3E08005C4B97 /* Resources */,
			);
			buildRules = (
			);
			dependencies = (
			);
			name = ChallengeSwiftUI;
			productName = ChallengeSwiftUI;
			productReference = 9E6E0ACB2A4C3E08005C4B97 /* ChallengeSwiftUI.app */;
			productType = "com.apple.product-type.application";
		};
		9E6E0ADA2A4C3E0B005C4B97 /* ChallengeSwiftUITests */ = {
			isa = PBXNativeTarget;
			buildConfigurationList = 9E6E0AF22A4C3E0B005C4B97 /* Build configuration list for PBXNativeTarget "ChallengeSwiftUITests" */;
			buildPhases = (
				9E6E0AD72A4C3E0B005C4B97 /* Sources */,
				9E6E0AD82A4C3E0B005C4B97 /* Frameworks */,
				9E6E0AD92A4C3E0B005C4B97 /* Resources */,
			);
			buildRules = (
			);
			dependencies = (
				9E6E0ADD2A4C3E0B005C4B97 /* PBXTargetDependency */,
			);
			name = ChallengeSwiftUITests;
			productName = ChallengeSwiftUITests;
			productReference = 9E6E0ADB2A4C3E0B005C4B97 /* ChallengeSwiftUITests.xctest */;
			productType = "com.apple.product-type.bundle.unit-test";
		};
		9E6E0AE42A4C3E0B005C4B97 /* ChallengeSwiftUIUITests */ = {
			isa = PBXNativeTarget;
			buildConfigurationList = 9E6E0AF52A4C3E0B005C4B97 /* Build configuration list for PBXNativeTarget "ChallengeSwiftUIUITests" */;
			buildPhases = (
				9E6E0AE12A4C3E0B005C4B97 /* Sources */,
				9E6E0AE22A4C3E0B005C4B97 /* Frameworks */,
				9E6E0AE32A4C3E0B005C4B97 /* Resources */,
			);
			buildRules = (
			);
			dependencies = (
				9E6E0AE72A4C3E0B005C4B97 /* PBXTargetDependency */,
			);
			name = ChallengeSwiftUIUITests;
			productName = ChallengeSwiftUIUITests;
			productReference = 9E6E0AE52A4C3E0B005C4B97 /* ChallengeSwiftUIUITests.xctest */;
			productType = "com.apple.product-type.bundle.ui-testing";
		};
/* End PBXNativeTarget section */

/* Begin PBXProject section */
		9E6E0AC32A4C3E08005C4B97 /* Project object */ = {
			isa = PBXProject;
			attributes = {
				BuildIndependentTargetsInParallel = 1;
				LastSwiftUpdateCheck = 1430;
				LastUpgradeCheck = 1430;
				TargetAttributes = {
					9E6E0ACA2A4C3E08005C4B97 = {
						CreatedOnToolsVersion = 14.3.1;
					};
					9E6E0ADA2A4C3E0B005C4B97 = {
						CreatedOnToolsVersion = 14.3.1;
						TestTargetID = 9E6E0ACA2A4C3E08005C4B97;
					};
					9E6E0AE42A4C3E0B005C4B97 = {
						CreatedOnToolsVersion = 14.3.1;
						TestTargetID = 9E6E0ACA2A4C3E08005C4B97;
					};
				};
			};
			buildConfigurationList = 9E6E0AC62A4C3E08005C4B97 /* Build configuration list for PBXProject "ChallengeSwiftUI" */;
			compatibilityVersion = "Xcode 14.0";
			developmentRegion = en;
			hasScannedForEncodings = 0;
			knownRegions = (
				en,
				Base,
			);
			mainGroup = 9E6E0AC22A4C3E08005C4B97;
			productRefGroup = 9E6E0ACC2A4C3E08005C4B97 /* Products */;
			projectDirPath = "";
			projectRoot = "";
			targets = (
				9E6E0ACA2A4C3E08005C4B97 /* ChallengeSwiftUI */,
				9E6E0ADA2A4C3E0B005C4B97 /* ChallengeSwiftUITests */,
				9E6E0AE42A4C3E0B005C4B97 /* ChallengeSwiftUIUITests */,
			);
		};
/* End PBXProject section */

/* Begin PBXResourcesBuildPhase section */
		9E6E0AC92A4C3E08005C4B97 /* Resources */ = {
			isa = PBXResourcesBuildPhase;
			buildActionMask = 2147483647;
			files = (
				9E6E0AD62A4C3E0B005C4B97 /* Preview Assets.xcassets in Resources */,
				9E6E0AD32A4C3E0B005C4B97 /* Assets.xcassets in Resources */,
			);
			runOnlyForDeploymentPostprocessing = 0;
		};
		9E6E0AD92A4C3E0B005C4B97 /* Resources */ = {
			isa = PBXResourcesBuildPhase;
			buildActionMask = 2147483647;
			files = (
			);
			runOnlyForDeploymentPostprocessing = 0;
		};
		9E6E0AE32A4C3E0B005C4B97 /* Resources */ = {
			isa = PBXResourcesBuildPhase;
			buildActionMask = 2147483647;
			files = (
			);
			runOnlyForDeploymentPostprocessing = 0;
		};
/* End PBXResourcesBuildPhase section */

/* Begin PBXSourcesBuildPhase section */
		9E6E0AC72A4C3E08005C4B97 /* Sources */ = {
			isa = PBXSourcesBuildPhase;
			buildActionMask = 2147483647;
			files = (
				9E6E0B062A4C55B3005C4B97 /* CategoryListView.swift in Sources */,
				9E6E0B152A4D5F56005C4B97 /* LoginApi.swift in Sources */,
				9E6E0AFA2A4C3ED4005C4B97 /* RegistrationView.swift in Sources */,
				9E6E0B132A4C987A005C4B97 /* PasswordFieldView.swift in Sources */,
				9E6E0AD12A4C3E08005C4B97 /* ContentView.swift in Sources */,
				9EC566D22A5445330031A20A /* AllProductsAPI.swift in Sources */,
				9E6E0AFF2A4C4423005C4B97 /* RegisterApi.swift in Sources */,
				9E6E0B0B2A4C5DBB005C4B97 /* RegistertionViewModel.swift in Sources */,
				9EC566CE2A543C260031A20A /* SearchView.swift in Sources */,
				9EC566C52A52F6D90031A20A /* ProductApi.swift in Sources */,
				9EC566AA2A51F6AF0031A20A /* FavoriteView.swift in Sources */,
				9E6E0B0D2A4C8590005C4B97 /* ProductViewModel.swift in Sources */,
				9E6E0B1B2A4D9589005C4B97 /* ProductView.swift in Sources */,
				9EC566B92A52CB880031A20A /* CastomProductView.swift in Sources */,
				9EC566C92A5303590031A20A /* FavoriteApi.swift in Sources */,
				9E6E0B192A4D87DE005C4B97 /* LoginViewModel.swift in Sources */,
				9E6E0B172A4D7FD3005C4B97 /* User.swift in Sources */,
				9E6E0AFC2A4C3EF5005C4B97 /* LoginView.swift in Sources */,
				9EC566B52A52BDE30031A20A /* CategoryViewModel.swift in Sources */,
				9EC566A42A51981A0031A20A /* ButtonView.swift in Sources */,
				9EC566AF2A52AF510031A20A /* FavoritesViewModel.swift in Sources */,
				9E6E0ACF2A4C3E08005C4B97 /* ChallengeSwiftUIApp.swift in Sources */,
				9EC566C12A52EEE00031A20A /* CategoryApi.swift in Sources */,
				9E6E0B042A4C4973005C4B97 /* Product.swift in Sources */,
				9EC566D02A5444B00031A20A /* SearchViewModel.swift in Sources */,
				9E6E0B222A4DD6C2005C4B97 /* AuthButton.swift in Sources */,
				9E6E0B082A4C5BD1005C4B97 /* TextFieldView.swift in Sources */,
			);
			runOnlyForDeploymentPostprocessing = 0;
		};
		9E6E0AD72A4C3E0B005C4B97 /* Sources */ = {
			isa = PBXSourcesBuildPhase;
			buildActionMask = 2147483647;
			files = (
				9EC566BA2A52CB880031A20A /* CastomProductView.swift in Sources */,
				9EC566B62A52BDE30031A20A /* CategoryViewModel.swift in Sources */,
				9EC566B02A52AF510031A20A /* FavoritesViewModel.swift in Sources */,
				9EC566AB2A51F6AF0031A20A /* FavoriteView.swift in Sources */,
				9E6E0AE02A4C3E0B005C4B97 /* ChallengeSwiftUITests.swift in Sources */,
			);
			runOnlyForDeploymentPostprocessing = 0;
		};
		9E6E0AE12A4C3E0B005C4B97 /* Sources */ = {
			isa = PBXSourcesBuildPhase;
			buildActionMask = 2147483647;
			files = (
				9E6E0AEC2A4C3E0B005C4B97 /* ChallengeSwiftUIUITestsLaunchTests.swift in Sources */,
				9EC566AC2A51F6AF0031A20A /* FavoriteView.swift in Sources */,
				9EC566B72A52BDE30031A20A /* CategoryViewModel.swift in Sources */,
				9EC566B12A52AF510031A20A /* FavoritesViewModel.swift in Sources */,
				9EC566BB2A52CB880031A20A /* CastomProductView.swift in Sources */,
				9E6E0AEA2A4C3E0B005C4B97 /* ChallengeSwiftUIUITests.swift in Sources */,
			);
			runOnlyForDeploymentPostprocessing = 0;
		};
/* End PBXSourcesBuildPhase section */

/* Begin PBXTargetDependency section */
		9E6E0ADD2A4C3E0B005C4B97 /* PBXTargetDependency */ = {
			isa = PBXTargetDependency;
			target = 9E6E0ACA2A4C3E08005C4B97 /* ChallengeSwiftUI */;
			targetProxy = 9E6E0ADC2A4C3E0B005C4B97 /* PBXContainerItemProxy */;
		};
		9E6E0AE72A4C3E0B005C4B97 /* PBXTargetDependency */ = {
			isa = PBXTargetDependency;
			target = 9E6E0ACA2A4C3E08005C4B97 /* ChallengeSwiftUI */;
			targetProxy = 9E6E0AE62A4C3E0B005C4B97 /* PBXContainerItemProxy */;
		};
/* End PBXTargetDependency section */

/* Begin XCBuildConfiguration section */
		9E6E0AED2A4C3E0B005C4B97 /* Debug */ = {
			isa = XCBuildConfiguration;
			buildSettings = {
				ALWAYS_SEARCH_USER_PATHS = NO;
				CLANG_ANALYZER_NONNULL = YES;
				CLANG_ANALYZER_NUMBER_OBJECT_CONVERSION = YES_AGGRESSIVE;
				CLANG_CXX_LANGUAGE_STANDARD = "gnu++20";
				CLANG_ENABLE_MODULES = YES;
				CLANG_ENABLE_OBJC_ARC = YES;
				CLANG_ENABLE_OBJC_WEAK = YES;
				CLANG_WARN_BLOCK_CAPTURE_AUTORELEASING = YES;
				CLANG_WARN_BOOL_CONVERSION = YES;
				CLANG_WARN_COMMA = YES;
				CLANG_WARN_CONSTANT_CONVERSION = YES;
				CLANG_WARN_DEPRECATED_OBJC_IMPLEMENTATIONS = YES;
				CLANG_WARN_DIRECT_OBJC_ISA_USAGE = YES_ERROR;
				CLANG_WARN_DOCUMENTATION_COMMENTS = YES;
				CLANG_WARN_EMPTY_BODY = YES;
				CLANG_WARN_ENUM_CONVERSION = YES;
				CLANG_WARN_INFINITE_RECURSION = YES;
				CLANG_WARN_INT_CONVERSION = YES;
				CLANG_WARN_NON_LITERAL_NULL_CONVERSION = YES;
				CLANG_WARN_OBJC_IMPLICIT_RETAIN_SELF = YES;
				CLANG_WARN_OBJC_LITERAL_CONVERSION = YES;
				CLANG_WARN_OBJC_ROOT_CLASS = YES_ERROR;
				CLANG_WARN_QUOTED_INCLUDE_IN_FRAMEWORK_HEADER = YES;
				CLANG_WARN_RANGE_LOOP_ANALYSIS = YES;
				CLANG_WARN_STRICT_PROTOTYPES = YES;
				CLANG_WARN_SUSPICIOUS_MOVE = YES;
				CLANG_WARN_UNGUARDED_AVAILABILITY = YES_AGGRESSIVE;
				CLANG_WARN_UNREACHABLE_CODE = YES;
				CLANG_WARN__DUPLICATE_METHOD_MATCH = YES;
				COPY_PHASE_STRIP = NO;
				DEBUG_INFORMATION_FORMAT = dwarf;
				ENABLE_STRICT_OBJC_MSGSEND = YES;
				ENABLE_TESTABILITY = YES;
				GCC_C_LANGUAGE_STANDARD = gnu11;
				GCC_DYNAMIC_NO_PIC = NO;
				GCC_NO_COMMON_BLOCKS = YES;
				GCC_OPTIMIZATION_LEVEL = 0;
				GCC_PREPROCESSOR_DEFINITIONS = (
					"DEBUG=1",
					"$(inherited)",
				);
				GCC_WARN_64_TO_32_BIT_CONVERSION = YES;
				GCC_WARN_ABOUT_RETURN_TYPE = YES_ERROR;
				GCC_WARN_UNDECLARED_SELECTOR = YES;
				GCC_WARN_UNINITIALIZED_AUTOS = YES_AGGRESSIVE;
				GCC_WARN_UNUSED_FUNCTION = YES;
				GCC_WARN_UNUSED_VARIABLE = YES;
				IPHONEOS_DEPLOYMENT_TARGET = 16.4;
				MTL_ENABLE_DEBUG_INFO = INCLUDE_SOURCE;
				MTL_FAST_MATH = YES;
				ONLY_ACTIVE_ARCH = YES;
				SDKROOT = iphoneos;
				SWIFT_ACTIVE_COMPILATION_CONDITIONS = DEBUG;
				SWIFT_OPTIMIZATION_LEVEL = "-Onone";
			};
			name = Debug;
		};
		9E6E0AEE2A4C3E0B005C4B97 /* Release */ = {
			isa = XCBuildConfiguration;
			buildSettings = {
				ALWAYS_SEARCH_USER_PATHS = NO;
				CLANG_ANALYZER_NONNULL = YES;
				CLANG_ANALYZER_NUMBER_OBJECT_CONVERSION = YES_AGGRESSIVE;
				CLANG_CXX_LANGUAGE_STANDARD = "gnu++20";
				CLANG_ENABLE_MODULES = YES;
				CLANG_ENABLE_OBJC_ARC = YES;
				CLANG_ENABLE_OBJC_WEAK = YES;
				CLANG_WARN_BLOCK_CAPTURE_AUTORELEASING = YES;
				CLANG_WARN_BOOL_CONVERSION = YES;
				CLANG_WARN_COMMA = YES;
				CLANG_WARN_CONSTANT_CONVERSION = YES;
				CLANG_WARN_DEPRECATED_OBJC_IMPLEMENTATIONS = YES;
				CLANG_WARN_DIRECT_OBJC_ISA_USAGE = YES_ERROR;
				CLANG_WARN_DOCUMENTATION_COMMENTS = YES;
				CLANG_WARN_EMPTY_BODY = YES;
				CLANG_WARN_ENUM_CONVERSION = YES;
				CLANG_WARN_INFINITE_RECURSION = YES;
				CLANG_WARN_INT_CONVERSION = YES;
				CLANG_WARN_NON_LITERAL_NULL_CONVERSION = YES;
				CLANG_WARN_OBJC_IMPLICIT_RETAIN_SELF = YES;
				CLANG_WARN_OBJC_LITERAL_CONVERSION = YES;
				CLANG_WARN_OBJC_ROOT_CLASS = YES_ERROR;
				CLANG_WARN_QUOTED_INCLUDE_IN_FRAMEWORK_HEADER = YES;
				CLANG_WARN_RANGE_LOOP_ANALYSIS = YES;
				CLANG_WARN_STRICT_PROTOTYPES = YES;
				CLANG_WARN_SUSPICIOUS_MOVE = YES;
				CLANG_WARN_UNGUARDED_AVAILABILITY = YES_AGGRESSIVE;
				CLANG_WARN_UNREACHABLE_CODE = YES;
				CLANG_WARN__DUPLICATE_METHOD_MATCH = YES;
				COPY_PHASE_STRIP = NO;
				DEBUG_INFORMATION_FORMAT = "dwarf-with-dsym";
				ENABLE_NS_ASSERTIONS = NO;
				ENABLE_STRICT_OBJC_MSGSEND = YES;
				GCC_C_LANGUAGE_STANDARD = gnu11;
				GCC_NO_COMMON_BLOCKS = YES;
				GCC_WARN_64_TO_32_BIT_CONVERSION = YES;
				GCC_WARN_ABOUT_RETURN_TYPE = YES_ERROR;
				GCC_WARN_UNDECLARED_SELECTOR = YES;
				GCC_WARN_UNINITIALIZED_AUTOS = YES_AGGRESSIVE;
				GCC_WARN_UNUSED_FUNCTION = YES;
				GCC_WARN_UNUSED_VARIABLE = YES;
				IPHONEOS_DEPLOYMENT_TARGET = 16.4;
				MTL_ENABLE_DEBUG_INFO = NO;
				MTL_FAST_MATH = YES;
				SDKROOT = iphoneos;
				SWIFT_COMPILATION_MODE = wholemodule;
				SWIFT_OPTIMIZATION_LEVEL = "-O";
				VALIDATE_PRODUCT = YES;
			};
			name = Release;
		};
		9E6E0AF02A4C3E0B005C4B97 /* Debug */ = {
			isa = XCBuildConfiguration;
			buildSettings = {
				ASSETCATALOG_COMPILER_APPICON_NAME = AppIcon;
				ASSETCATALOG_COMPILER_GLOBAL_ACCENT_COLOR_NAME = AccentColor;
				CODE_SIGN_STYLE = Automatic;
				CURRENT_PROJECT_VERSION = 1;
				DEVELOPMENT_ASSET_PATHS = "\"ChallengeSwiftUI/Preview Content\"";
				DEVELOPMENT_TEAM = 3K2G226G67;
				ENABLE_PREVIEWS = YES;
				GENERATE_INFOPLIST_FILE = YES;
				INFOPLIST_KEY_UIApplicationSceneManifest_Generation = YES;
				INFOPLIST_KEY_UIApplicationSupportsIndirectInputEvents = YES;
				INFOPLIST_KEY_UILaunchScreen_Generation = YES;
				INFOPLIST_KEY_UISupportedInterfaceOrientations_iPad = "UIInterfaceOrientationPortrait UIInterfaceOrientationPortraitUpsideDown UIInterfaceOrientationLandscapeLeft UIInterfaceOrientationLandscapeRight";
				INFOPLIST_KEY_UISupportedInterfaceOrientations_iPhone = "UIInterfaceOrientationPortrait UIInterfaceOrientationLandscapeLeft UIInterfaceOrientationLandscapeRight";
				IPHONEOS_DEPLOYMENT_TARGET = 16.4;
				LD_RUNPATH_SEARCH_PATHS = (
					"$(inherited)",
					"@executable_path/Frameworks",
				);
				MARKETING_VERSION = 1.0;
				PRODUCT_BUNDLE_IDENTIFIER = Exercise.ChallengeSwiftUI;
				PRODUCT_NAME = "$(TARGET_NAME)";
				SWIFT_EMIT_LOC_STRINGS = YES;
				SWIFT_VERSION = 5.0;
				TARGETED_DEVICE_FAMILY = "1,2";
			};
			name = Debug;
		};
		9E6E0AF12A4C3E0B005C4B97 /* Release */ = {
			isa = XCBuildConfiguration;
			buildSettings = {
				ASSETCATALOG_COMPILER_APPICON_NAME = AppIcon;
				ASSETCATALOG_COMPILER_GLOBAL_ACCENT_COLOR_NAME = AccentColor;
				CODE_SIGN_STYLE = Automatic;
				CURRENT_PROJECT_VERSION = 1;
				DEVELOPMENT_ASSET_PATHS = "\"ChallengeSwiftUI/Preview Content\"";
				DEVELOPMENT_TEAM = 3K2G226G67;
				ENABLE_PREVIEWS = YES;
				GENERATE_INFOPLIST_FILE = YES;
				INFOPLIST_KEY_UIApplicationSceneManifest_Generation = YES;
				INFOPLIST_KEY_UIApplicationSupportsIndirectInputEvents = YES;
				INFOPLIST_KEY_UILaunchScreen_Generation = YES;
				INFOPLIST_KEY_UISupportedInterfaceOrientations_iPad = "UIInterfaceOrientationPortrait UIInterfaceOrientationPortraitUpsideDown UIInterfaceOrientationLandscapeLeft UIInterfaceOrientationLandscapeRight";
				INFOPLIST_KEY_UISupportedInterfaceOrientations_iPhone = "UIInterfaceOrientationPortrait UIInterfaceOrientationLandscapeLeft UIInterfaceOrientationLandscapeRight";
				IPHONEOS_DEPLOYMENT_TARGET = 16.4;
				LD_RUNPATH_SEARCH_PATHS = (
					"$(inherited)",
					"@executable_path/Frameworks",
				);
				MARKETING_VERSION = 1.0;
				PRODUCT_BUNDLE_IDENTIFIER = Exercise.ChallengeSwiftUI;
				PRODUCT_NAME = "$(TARGET_NAME)";
				SWIFT_EMIT_LOC_STRINGS = YES;
				SWIFT_VERSION = 5.0;
				TARGETED_DEVICE_FAMILY = "1,2";
			};
			name = Release;
		};
		9E6E0AF32A4C3E0B005C4B97 /* Debug */ = {
			isa = XCBuildConfiguration;
			buildSettings = {
				ALWAYS_EMBED_SWIFT_STANDARD_LIBRARIES = YES;
				BUNDLE_LOADER = "$(TEST_HOST)";
				CODE_SIGN_STYLE = Automatic;
				CURRENT_PROJECT_VERSION = 1;
				DEVELOPMENT_TEAM = 3K2G226G67;
				GENERATE_INFOPLIST_FILE = YES;
				IPHONEOS_DEPLOYMENT_TARGET = 16.4;
				MARKETING_VERSION = 1.0;
				PRODUCT_BUNDLE_IDENTIFIER = Exercise.ChallengeSwiftUITests;
				PRODUCT_NAME = "$(TARGET_NAME)";
				SWIFT_EMIT_LOC_STRINGS = NO;
				SWIFT_VERSION = 5.0;
				TARGETED_DEVICE_FAMILY = "1,2";
				TEST_HOST = "$(BUILT_PRODUCTS_DIR)/ChallengeSwiftUI.app/$(BUNDLE_EXECUTABLE_FOLDER_PATH)/ChallengeSwiftUI";
			};
			name = Debug;
		};
		9E6E0AF42A4C3E0B005C4B97 /* Release */ = {
			isa = XCBuildConfiguration;
			buildSettings = {
				ALWAYS_EMBED_SWIFT_STANDARD_LIBRARIES = YES;
				BUNDLE_LOADER = "$(TEST_HOST)";
				CODE_SIGN_STYLE = Automatic;
				CURRENT_PROJECT_VERSION = 1;
				DEVELOPMENT_TEAM = 3K2G226G67;
				GENERATE_INFOPLIST_FILE = YES;
				IPHONEOS_DEPLOYMENT_TARGET = 16.4;
				MARKETING_VERSION = 1.0;
				PRODUCT_BUNDLE_IDENTIFIER = Exercise.ChallengeSwiftUITests;
				PRODUCT_NAME = "$(TARGET_NAME)";
				SWIFT_EMIT_LOC_STRINGS = NO;
				SWIFT_VERSION = 5.0;
				TARGETED_DEVICE_FAMILY = "1,2";
				TEST_HOST = "$(BUILT_PRODUCTS_DIR)/ChallengeSwiftUI.app/$(BUNDLE_EXECUTABLE_FOLDER_PATH)/ChallengeSwiftUI";
			};
			name = Release;
		};
		9E6E0AF62A4C3E0B005C4B97 /* Debug */ = {
			isa = XCBuildConfiguration;
			buildSettings = {
				ALWAYS_EMBED_SWIFT_STANDARD_LIBRARIES = YES;
				CODE_SIGN_STYLE = Automatic;
				CURRENT_PROJECT_VERSION = 1;
				DEVELOPMENT_TEAM = 3K2G226G67;
				GENERATE_INFOPLIST_FILE = YES;
				MARKETING_VERSION = 1.0;
				PRODUCT_BUNDLE_IDENTIFIER = Exercise.ChallengeSwiftUIUITests;
				PRODUCT_NAME = "$(TARGET_NAME)";
				SWIFT_EMIT_LOC_STRINGS = NO;
				SWIFT_VERSION = 5.0;
				TARGETED_DEVICE_FAMILY = "1,2";
				TEST_TARGET_NAME = ChallengeSwiftUI;
			};
			name = Debug;
		};
		9E6E0AF72A4C3E0B005C4B97 /* Release */ = {
			isa = XCBuildConfiguration;
			buildSettings = {
				ALWAYS_EMBED_SWIFT_STANDARD_LIBRARIES = YES;
				CODE_SIGN_STYLE = Automatic;
				CURRENT_PROJECT_VERSION = 1;
				DEVELOPMENT_TEAM = 3K2G226G67;
				GENERATE_INFOPLIST_FILE = YES;
				MARKETING_VERSION = 1.0;
				PRODUCT_BUNDLE_IDENTIFIER = Exercise.ChallengeSwiftUIUITests;
				PRODUCT_NAME = "$(TARGET_NAME)";
				SWIFT_EMIT_LOC_STRINGS = NO;
				SWIFT_VERSION = 5.0;
				TARGETED_DEVICE_FAMILY = "1,2";
				TEST_TARGET_NAME = ChallengeSwiftUI;
			};
			name = Release;
		};
/* End XCBuildConfiguration section */

/* Begin XCConfigurationList section */
		9E6E0AC62A4C3E08005C4B97 /* Build configuration list for PBXProject "ChallengeSwiftUI" */ = {
			isa = XCConfigurationList;
			buildConfigurations = (
				9E6E0AED2A4C3E0B005C4B97 /* Debug */,
				9E6E0AEE2A4C3E0B005C4B97 /* Release */,
			);
			defaultConfigurationIsVisible = 0;
			defaultConfigurationName = Release;
		};
		9E6E0AEF2A4C3E0B005C4B97 /* Build configuration list for PBXNativeTarget "ChallengeSwiftUI" */ = {
			isa = XCConfigurationList;
			buildConfigurations = (
				9E6E0AF02A4C3E0B005C4B97 /* Debug */,
				9E6E0AF12A4C3E0B005C4B97 /* Release */,
			);
			defaultConfigurationIsVisible = 0;
			defaultConfigurationName = Release;
		};
		9E6E0AF22A4C3E0B005C4B97 /* Build configuration list for PBXNativeTarget "ChallengeSwiftUITests" */ = {
			isa = XCConfigurationList;
			buildConfigurations = (
				9E6E0AF32A4C3E0B005C4B97 /* Debug */,
				9E6E0AF42A4C3E0B005C4B97 /* Release */,
			);
			defaultConfigurationIsVisible = 0;
			defaultConfigurationName = Release;
		};
		9E6E0AF52A4C3E0B005C4B97 /* Build configuration list for PBXNativeTarget "ChallengeSwiftUIUITests" */ = {
			isa = XCConfigurationList;
			buildConfigurations = (
				9E6E0AF62A4C3E0B005C4B97 /* Debug */,
				9E6E0AF72A4C3E0B005C4B97 /* Release */,
			);
			defaultConfigurationIsVisible = 0;
			defaultConfigurationName = Release;
		};
/* End XCConfigurationList section */
	};
	rootObject = 9E6E0AC32A4C3E08005C4B97 /* Project object */;
}
