// !$*UTF8*$!
{
	archiveVersion = 1;
	classes = {
	};
	objectVersion = 56;
	objects = {

/* Begin PBXBuildFile section */
		9ED623842A41886800C0CFDC /* AppDelegate.swift in Sources */ = {isa = PBXBuildFile; fileRef = 9ED623832A41886800C0CFDC /* AppDelegate.swift */; };
		9ED623862A41886800C0CFDC /* SceneDelegate.swift in Sources */ = {isa = PBXBuildFile; fileRef = 9ED623852A41886800C0CFDC /* SceneDelegate.swift */; };
		9ED623882A41886800C0CFDC /* ViewController.swift in Sources */ = {isa = PBXBuildFile; fileRef = 9ED623872A41886800C0CFDC /* ViewController.swift */; };
		9ED6238B2A41886800C0CFDC /* Main.storyboard in Resources */ = {isa = PBXBuildFile; fileRef = 9ED623892A41886800C0CFDC /* Main.storyboard */; };
		9ED6238E2A41886800C0CFDC /* CoreDataProject.xcdatamodeld in Sources */ = {isa = PBXBuildFile; fileRef = 9ED6238C2A41886800C0CFDC /* CoreDataProject.xcdatamodeld */; };
		9ED623902A41886A00C0CFDC /* Assets.xcassets in Resources */ = {isa = PBXBuildFile; fileRef = 9ED6238F2A41886A00C0CFDC /* Assets.xcassets */; };
		9ED623932A41886A00C0CFDC /* LaunchScreen.storyboard in Resources */ = {isa = PBXBuildFile; fileRef = 9ED623912A41886A00C0CFDC /* LaunchScreen.storyboard */; };
		9ED6239E2A41886A00C0CFDC /* CoreDataProjectTests.swift in Sources */ = {isa = PBXBuildFile; fileRef = 9ED6239D2A41886A00C0CFDC /* CoreDataProjectTests.swift */; };
		9ED623A82A41886A00C0CFDC /* CoreDataProjectUITests.swift in Sources */ = {isa = PBXBuildFile; fileRef = 9ED623A72A41886A00C0CFDC /* CoreDataProjectUITests.swift */; };
		9ED623AA2A41886A00C0CFDC /* CoreDataProjectUITestsLaunchTests.swift in Sources */ = {isa = PBXBuildFile; fileRef = 9ED623A92A41886A00C0CFDC /* CoreDataProjectUITestsLaunchTests.swift */; };
/* End PBXBuildFile section */

/* Begin PBXContainerItemProxy section */
		9ED6239A2A41886A00C0CFDC /* PBXContainerItemProxy */ = {
			isa = PBXContainerItemProxy;
			containerPortal = 9ED623782A41886800C0CFDC /* Project object */;
			proxyType = 1;
			remoteGlobalIDString = 9ED6237F2A41886800C0CFDC;
			remoteInfo = CoreDataProject;
		};
		9ED623A42A41886A00C0CFDC /* PBXContainerItemProxy */ = {
			isa = PBXContainerItemProxy;
			containerPortal = 9ED623782A41886800C0CFDC /* Project object */;
			proxyType = 1;
			remoteGlobalIDString = 9ED6237F2A41886800C0CFDC;
			remoteInfo = CoreDataProject;
		};
/* End PBXContainerItemProxy section */

/* Begin PBXFileReference section */
		9ED623802A41886800C0CFDC /* CoreDataProject.app */ = {isa = PBXFileReference; explicitFileType = wrapper.application; includeInIndex = 0; path = CoreDataProject.app; sourceTree = BUILT_PRODUCTS_DIR; };
		9ED623832A41886800C0CFDC /* AppDelegate.swift */ = {isa = PBXFileReference; lastKnownFileType = sourcecode.swift; path = AppDelegate.swift; sourceTree = "<group>"; };
		9ED623852A41886800C0CFDC /* SceneDelegate.swift */ = {isa = PBXFileReference; lastKnownFileType = sourcecode.swift; path = SceneDelegate.swift; sourceTree = "<group>"; };
		9ED623872A41886800C0CFDC /* ViewController.swift */ = {isa = PBXFileReference; lastKnownFileType = sourcecode.swift; path = ViewController.swift; sourceTree = "<group>"; };
		9ED6238A2A41886800C0CFDC /* Base */ = {isa = PBXFileReference; lastKnownFileType = file.storyboard; name = Base; path = Base.lproj/Main.storyboard; sourceTree = "<group>"; };
		9ED6238D2A41886800C0CFDC /* CoreDataProject.xcdatamodel */ = {isa = PBXFileReference; lastKnownFileType = wrapper.xcdatamodel; path = CoreDataProject.xcdatamodel; sourceTree = "<group>"; };
		9ED6238F2A41886A00C0CFDC /* Assets.xcassets */ = {isa = PBXFileReference; lastKnownFileType = folder.assetcatalog; path = Assets.xcassets; sourceTree = "<group>"; };
		9ED623922A41886A00C0CFDC /* Base */ = {isa = PBXFileReference; lastKnownFileType = file.storyboard; name = Base; path = Base.lproj/LaunchScreen.storyboard; sourceTree = "<group>"; };
		9ED623942A41886A00C0CFDC /* Info.plist */ = {isa = PBXFileReference; lastKnownFileType = text.plist.xml; path = Info.plist; sourceTree = "<group>"; };
		9ED623992A41886A00C0CFDC /* CoreDataProjectTests.xctest */ = {isa = PBXFileReference; explicitFileType = wrapper.cfbundle; includeInIndex = 0; path = CoreDataProjectTests.xctest; sourceTree = BUILT_PRODUCTS_DIR; };
		9ED6239D2A41886A00C0CFDC /* CoreDataProjectTests.swift */ = {isa = PBXFileReference; lastKnownFileType = sourcecode.swift; path = CoreDataProjectTests.swift; sourceTree = "<group>"; };
		9ED623A32A41886A00C0CFDC /* CoreDataProjectUITests.xctest */ = {isa = PBXFileReference; explicitFileType = wrapper.cfbundle; includeInIndex = 0; path = CoreDataProjectUITests.xctest; sourceTree = BUILT_PRODUCTS_DIR; };
		9ED623A72A41886A00C0CFDC /* CoreDataProjectUITests.swift */ = {isa = PBXFileReference; lastKnownFileType = sourcecode.swift; path = CoreDataProjectUITests.swift; sourceTree = "<group>"; };
		9ED623A92A41886A00C0CFDC /* CoreDataProjectUITestsLaunchTests.swift */ = {isa = PBXFileReference; lastKnownFileType = sourcecode.swift; path = CoreDataProjectUITestsLaunchTests.swift; sourceTree = "<group>"; };
/* End PBXFileReference section */

/* Begin PBXFrameworksBuildPhase section */
		9ED6237D2A41886800C0CFDC /* Frameworks */ = {
			isa = PBXFrameworksBuildPhase;
			buildActionMask = 2147483647;
			files = (
			);
			runOnlyForDeploymentPostprocessing = 0;
		};
		9ED623962A41886A00C0CFDC /* Frameworks */ = {
			isa = PBXFrameworksBuildPhase;
			buildActionMask = 2147483647;
			files = (
			);
			runOnlyForDeploymentPostprocessing = 0;
		};
		9ED623A02A41886A00C0CFDC /* Frameworks */ = {
			isa = PBXFrameworksBuildPhase;
			buildActionMask = 2147483647;
			files = (
			);
			runOnlyForDeploymentPostprocessing = 0;
		};
/* End PBXFrameworksBuildPhase section */

/* Begin PBXGroup section */
		9ED623772A41886800C0CFDC = {
			isa = PBXGroup;
			children = (
				9ED623822A41886800C0CFDC /* CoreDataProject */,
				9ED6239C2A41886A00C0CFDC /* CoreDataProjectTests */,
				9ED623A62A41886A00C0CFDC /* CoreDataProjectUITests */,
				9ED623812A41886800C0CFDC /* Products */,
			);
			sourceTree = "<group>";
		};
		9ED623812A41886800C0CFDC /* Products */ = {
			isa = PBXGroup;
			children = (
				9ED623802A41886800C0CFDC /* CoreDataProject.app */,
				9ED623992A41886A00C0CFDC /* CoreDataProjectTests.xctest */,
				9ED623A32A41886A00C0CFDC /* CoreDataProjectUITests.xctest */,
			);
			name = Products;
			sourceTree = "<group>";
		};
		9ED623822A41886800C0CFDC /* CoreDataProject */ = {
			isa = PBXGroup;
			children = (
				9ED623832A41886800C0CFDC /* AppDelegate.swift */,
				9ED623852A41886800C0CFDC /* SceneDelegate.swift */,
				9ED623872A41886800C0CFDC /* ViewController.swift */,
				9ED623892A41886800C0CFDC /* Main.storyboard */,
				9ED6238F2A41886A00C0CFDC /* Assets.xcassets */,
				9ED623912A41886A00C0CFDC /* LaunchScreen.storyboard */,
				9ED623942A41886A00C0CFDC /* Info.plist */,
				9ED6238C2A41886800C0CFDC /* CoreDataProject.xcdatamodeld */,
			);
			path = CoreDataProject;
			sourceTree = "<group>";
		};
		9ED6239C2A41886A00C0CFDC /* CoreDataProjectTests */ = {
			isa = PBXGroup;
			children = (
				9ED6239D2A41886A00C0CFDC /* CoreDataProjectTests.swift */,
			);
			path = CoreDataProjectTests;
			sourceTree = "<group>";
		};
		9ED623A62A41886A00C0CFDC /* CoreDataProjectUITests */ = {
			isa = PBXGroup;
			children = (
				9ED623A72A41886A00C0CFDC /* CoreDataProjectUITests.swift */,
				9ED623A92A41886A00C0CFDC /* CoreDataProjectUITestsLaunchTests.swift */,
			);
			path = CoreDataProjectUITests;
			sourceTree = "<group>";
		};
/* End PBXGroup section */

/* Begin PBXNativeTarget section */
		9ED6237F2A41886800C0CFDC /* CoreDataProject */ = {
			isa = PBXNativeTarget;
			buildConfigurationList = 9ED623AD2A41886A00C0CFDC /* Build configuration list for PBXNativeTarget "CoreDataProject" */;
			buildPhases = (
				9ED6237C2A41886800C0CFDC /* Sources */,
				9ED6237D2A41886800C0CFDC /* Frameworks */,
				9ED6237E2A41886800C0CFDC /* Resources */,
			);
			buildRules = (
			);
			dependencies = (
			);
			name = CoreDataProject;
			productName = CoreDataProject;
			productReference = 9ED623802A41886800C0CFDC /* CoreDataProject.app */;
			productType = "com.apple.product-type.application";
		};
		9ED623982A41886A00C0CFDC /* CoreDataProjectTests */ = {
			isa = PBXNativeTarget;
			buildConfigurationList = 9ED623B02A41886A00C0CFDC /* Build configuration list for PBXNativeTarget "CoreDataProjectTests" */;
			buildPhases = (
				9ED623952A41886A00C0CFDC /* Sources */,
				9ED623962A41886A00C0CFDC /* Frameworks */,
				9ED623972A41886A00C0CFDC /* Resources */,
			);
			buildRules = (
			);
			dependencies = (
				9ED6239B2A41886A00C0CFDC /* PBXTargetDependency */,
			);
			name = CoreDataProjectTests;
			productName = CoreDataProjectTests;
			productReference = 9ED623992A41886A00C0CFDC /* CoreDataProjectTests.xctest */;
			productType = "com.apple.product-type.bundle.unit-test";
		};
		9ED623A22A41886A00C0CFDC /* CoreDataProjectUITests */ = {
			isa = PBXNativeTarget;
			buildConfigurationList = 9ED623B32A41886A00C0CFDC /* Build configuration list for PBXNativeTarget "CoreDataProjectUITests" */;
			buildPhases = (
				9ED6239F2A41886A00C0CFDC /* Sources */,
				9ED623A02A41886A00C0CFDC /* Frameworks */,
				9ED623A12A41886A00C0CFDC /* Resources */,
			);
			buildRules = (
			);
			dependencies = (
				9ED623A52A41886A00C0CFDC /* PBXTargetDependency */,
			);
			name = CoreDataProjectUITests;
			productName = CoreDataProjectUITests;
			productReference = 9ED623A32A41886A00C0CFDC /* CoreDataProjectUITests.xctest */;
			productType = "com.apple.product-type.bundle.ui-testing";
		};
/* End PBXNativeTarget section */

/* Begin PBXProject section */
		9ED623782A41886800C0CFDC /* Project object */ = {
			isa = PBXProject;
			attributes = {
				BuildIndependentTargetsInParallel = 1;
				LastSwiftUpdateCheck = 1430;
				LastUpgradeCheck = 1430;
				TargetAttributes = {
					9ED6237F2A41886800C0CFDC = {
						CreatedOnToolsVersion = 14.3.1;
					};
					9ED623982A41886A00C0CFDC = {
						CreatedOnToolsVersion = 14.3.1;
						TestTargetID = 9ED6237F2A41886800C0CFDC;
					};
					9ED623A22A41886A00C0CFDC = {
						CreatedOnToolsVersion = 14.3.1;
						TestTargetID = 9ED6237F2A41886800C0CFDC;
					};
				};
			};
			buildConfigurationList = 9ED6237B2A41886800C0CFDC /* Build configuration list for PBXProject "CoreDataProject" */;
			compatibilityVersion = "Xcode 14.0";
			developmentRegion = en;
			hasScannedForEncodings = 0;
			knownRegions = (
				en,
				Base,
			);
			mainGroup = 9ED623772A41886800C0CFDC;
			productRefGroup = 9ED623812A41886800C0CFDC /* Products */;
			projectDirPath = "";
			projectRoot = "";
			targets = (
				9ED6237F2A41886800C0CFDC /* CoreDataProject */,
				9ED623982A41886A00C0CFDC /* CoreDataProjectTests */,
				9ED623A22A41886A00C0CFDC /* CoreDataProjectUITests */,
			);
		};
/* End PBXProject section */

/* Begin PBXResourcesBuildPhase section */
		9ED6237E2A41886800C0CFDC /* Resources */ = {
			isa = PBXResourcesBuildPhase;
			buildActionMask = 2147483647;
			files = (
				9ED623932A41886A00C0CFDC /* LaunchScreen.storyboard in Resources */,
				9ED623902A41886A00C0CFDC /* Assets.xcassets in Resources */,
				9ED6238B2A41886800C0CFDC /* Main.storyboard in Resources */,
			);
			runOnlyForDeploymentPostprocessing = 0;
		};
		9ED623972A41886A00C0CFDC /* Resources */ = {
			isa = PBXResourcesBuildPhase;
			buildActionMask = 2147483647;
			files = (
			);
			runOnlyForDeploymentPostprocessing = 0;
		};
		9ED623A12A41886A00C0CFDC /* Resources */ = {
			isa = PBXResourcesBuildPhase;
			buildActionMask = 2147483647;
			files = (
			);
			runOnlyForDeploymentPostprocessing = 0;
		};
/* End PBXResourcesBuildPhase section */

/* Begin PBXSourcesBuildPhase section */
		9ED6237C2A41886800C0CFDC /* Sources */ = {
			isa = PBXSourcesBuildPhase;
			buildActionMask = 2147483647;
			files = (
				9ED623882A41886800C0CFDC /* ViewController.swift in Sources */,
				9ED623842A41886800C0CFDC /* AppDelegate.swift in Sources */,
				9ED6238E2A41886800C0CFDC /* CoreDataProject.xcdatamodeld in Sources */,
				9ED623862A41886800C0CFDC /* SceneDelegate.swift in Sources */,
			);
			runOnlyForDeploymentPostprocessing = 0;
		};
		9ED623952A41886A00C0CFDC /* Sources */ = {
			isa = PBXSourcesBuildPhase;
			buildActionMask = 2147483647;
			files = (
				9ED6239E2A41886A00C0CFDC /* CoreDataProjectTests.swift in Sources */,
			);
			runOnlyForDeploymentPostprocessing = 0;
		};
		9ED6239F2A41886A00C0CFDC /* Sources */ = {
			isa = PBXSourcesBuildPhase;
			buildActionMask = 2147483647;
			files = (
				9ED623A82A41886A00C0CFDC /* CoreDataProjectUITests.swift in Sources */,
				9ED623AA2A41886A00C0CFDC /* CoreDataProjectUITestsLaunchTests.swift in Sources */,
			);
			runOnlyForDeploymentPostprocessing = 0;
		};
/* End PBXSourcesBuildPhase section */

/* Begin PBXTargetDependency section */
		9ED6239B2A41886A00C0CFDC /* PBXTargetDependency */ = {
			isa = PBXTargetDependency;
			target = 9ED6237F2A41886800C0CFDC /* CoreDataProject */;
			targetProxy = 9ED6239A2A41886A00C0CFDC /* PBXContainerItemProxy */;
		};
		9ED623A52A41886A00C0CFDC /* PBXTargetDependency */ = {
			isa = PBXTargetDependency;
			target = 9ED6237F2A41886800C0CFDC /* CoreDataProject */;
			targetProxy = 9ED623A42A41886A00C0CFDC /* PBXContainerItemProxy */;
		};
/* End PBXTargetDependency section */

/* Begin PBXVariantGroup section */
		9ED623892A41886800C0CFDC /* Main.storyboard */ = {
			isa = PBXVariantGroup;
			children = (
				9ED6238A2A41886800C0CFDC /* Base */,
			);
			name = Main.storyboard;
			sourceTree = "<group>";
		};
		9ED623912A41886A00C0CFDC /* LaunchScreen.storyboard */ = {
			isa = PBXVariantGroup;
			children = (
				9ED623922A41886A00C0CFDC /* Base */,
			);
			name = LaunchScreen.storyboard;
			sourceTree = "<group>";
		};
/* End PBXVariantGroup section */

/* Begin XCBuildConfiguration section */
		9ED623AB2A41886A00C0CFDC /* Debug */ = {
			isa = XCBuildConfiguration;
			buildSettings = {
				ALWAYS_SEARCH_USER_PATHS = NO;
				CLANG_ANALYZER_NONNULL = YES;
				CLANG_ANALYZER_NUMBER_OBJECT_CONVERSION = YES_AGGRESSIVE;
				CLANG_CXX_LANGUAGE_STANDARD = "gnu++20";
				CLANG_ENABLE_MODULES = YES;
				CLANG_ENABLE_OBJC_ARC = YES;
				CLANG_ENABLE_OBJC_WEAK = YES;
				CLANG_WARN_BLOCK_CAPTURE_AUTORELEASING = YES;
				CLANG_WARN_BOOL_CONVERSION = YES;
				CLANG_WARN_COMMA = YES;
				CLANG_WARN_CONSTANT_CONVERSION = YES;
				CLANG_WARN_DEPRECATED_OBJC_IMPLEMENTATIONS = YES;
				CLANG_WARN_DIRECT_OBJC_ISA_USAGE = YES_ERROR;
				CLANG_WARN_DOCUMENTATION_COMMENTS = YES;
				CLANG_WARN_EMPTY_BODY = YES;
				CLANG_WARN_ENUM_CONVERSION = YES;
				CLANG_WARN_INFINITE_RECURSION = YES;
				CLANG_WARN_INT_CONVERSION = YES;
				CLANG_WARN_NON_LITERAL_NULL_CONVERSION = YES;
				CLANG_WARN_OBJC_IMPLICIT_RETAIN_SELF = YES;
				CLANG_WARN_OBJC_LITERAL_CONVERSION = YES;
				CLANG_WARN_OBJC_ROOT_CLASS = YES_ERROR;
				CLANG_WARN_QUOTED_INCLUDE_IN_FRAMEWORK_HEADER = YES;
				CLANG_WARN_RANGE_LOOP_ANALYSIS = YES;
				CLANG_WARN_STRICT_PROTOTYPES = YES;
				CLANG_WARN_SUSPICIOUS_MOVE = YES;
				CLANG_WARN_UNGUARDED_AVAILABILITY = YES_AGGRESSIVE;
				CLANG_WARN_UNREACHABLE_CODE = YES;
				CLANG_WARN__DUPLICATE_METHOD_MATCH = YES;
				COPY_PHASE_STRIP = NO;
				DEBUG_INFORMATION_FORMAT = dwarf;
				ENABLE_STRICT_OBJC_MSGSEND = YES;
				ENABLE_TESTABILITY = YES;
				GCC_C_LANGUAGE_STANDARD = gnu11;
				GCC_DYNAMIC_NO_PIC = NO;
				GCC_NO_COMMON_BLOCKS = YES;
				GCC_OPTIMIZATION_LEVEL = 0;
				GCC_PREPROCESSOR_DEFINITIONS = (
					"DEBUG=1",
					"$(inherited)",
				);
				GCC_WARN_64_TO_32_BIT_CONVERSION = YES;
				GCC_WARN_ABOUT_RETURN_TYPE = YES_ERROR;
				GCC_WARN_UNDECLARED_SELECTOR = YES;
				GCC_WARN_UNINITIALIZED_AUTOS = YES_AGGRESSIVE;
				GCC_WARN_UNUSED_FUNCTION = YES;
				GCC_WARN_UNUSED_VARIABLE = YES;
				IPHONEOS_DEPLOYMENT_TARGET = 16.4;
				MTL_ENABLE_DEBUG_INFO = INCLUDE_SOURCE;
				MTL_FAST_MATH = YES;
				ONLY_ACTIVE_ARCH = YES;
				SDKROOT = iphoneos;
				SWIFT_ACTIVE_COMPILATION_CONDITIONS = DEBUG;
				SWIFT_OPTIMIZATION_LEVEL = "-Onone";
			};
			name = Debug;
		};
		9ED623AC2A41886A00C0CFDC /* Release */ = {
			isa = XCBuildConfiguration;
			buildSettings = {
				ALWAYS_SEARCH_USER_PATHS = NO;
				CLANG_ANALYZER_NONNULL = YES;
				CLANG_ANALYZER_NUMBER_OBJECT_CONVERSION = YES_AGGRESSIVE;
				CLANG_CXX_LANGUAGE_STANDARD = "gnu++20";
				CLANG_ENABLE_MODULES = YES;
				CLANG_ENABLE_OBJC_ARC = YES;
				CLANG_ENABLE_OBJC_WEAK = YES;
				CLANG_WARN_BLOCK_CAPTURE_AUTORELEASING = YES;
				CLANG_WARN_BOOL_CONVERSION = YES;
				CLANG_WARN_COMMA = YES;
				CLANG_WARN_CONSTANT_CONVERSION = YES;
				CLANG_WARN_DEPRECATED_OBJC_IMPLEMENTATIONS = YES;
				CLANG_WARN_DIRECT_OBJC_ISA_USAGE = YES_ERROR;
				CLANG_WARN_DOCUMENTATION_COMMENTS = YES;
				CLANG_WARN_EMPTY_BODY = YES;
				CLANG_WARN_ENUM_CONVERSION = YES;
				CLANG_WARN_INFINITE_RECURSION = YES;
				CLANG_WARN_INT_CONVERSION = YES;
				CLANG_WARN_NON_LITERAL_NULL_CONVERSION = YES;
				CLANG_WARN_OBJC_IMPLICIT_RETAIN_SELF = YES;
				CLANG_WARN_OBJC_LITERAL_CONVERSION = YES;
				CLANG_WARN_OBJC_ROOT_CLASS = YES_ERROR;
				CLANG_WARN_QUOTED_INCLUDE_IN_FRAMEWORK_HEADER = YES;
				CLANG_WARN_RANGE_LOOP_ANALYSIS = YES;
				CLANG_WARN_STRICT_PROTOTYPES = YES;
				CLANG_WARN_SUSPICIOUS_MOVE = YES;
				CLANG_WARN_UNGUARDED_AVAILABILITY = YES_AGGRESSIVE;
				CLANG_WARN_UNREACHABLE_CODE = YES;
				CLANG_WARN__DUPLICATE_METHOD_MATCH = YES;
				COPY_PHASE_STRIP = NO;
				DEBUG_INFORMATION_FORMAT = "dwarf-with-dsym";
				ENABLE_NS_ASSERTIONS = NO;
				ENABLE_STRICT_OBJC_MSGSEND = YES;
				GCC_C_LANGUAGE_STANDARD = gnu11;
				GCC_NO_COMMON_BLOCKS = YES;
				GCC_WARN_64_TO_32_BIT_CONVERSION = YES;
				GCC_WARN_ABOUT_RETURN_TYPE = YES_ERROR;
				GCC_WARN_UNDECLARED_SELECTOR = YES;
				GCC_WARN_UNINITIALIZED_AUTOS = YES_AGGRESSIVE;
				GCC_WARN_UNUSED_FUNCTION = YES;
				GCC_WARN_UNUSED_VARIABLE = YES;
				IPHONEOS_DEPLOYMENT_TARGET = 16.4;
				MTL_ENABLE_DEBUG_INFO = NO;
				MTL_FAST_MATH = YES;
				SDKROOT = iphoneos;
				SWIFT_COMPILATION_MODE = wholemodule;
				SWIFT_OPTIMIZATION_LEVEL = "-O";
				VALIDATE_PRODUCT = YES;
			};
			name = Release;
		};
		9ED623AE2A41886A00C0CFDC /* Debug */ = {
			isa = XCBuildConfiguration;
			buildSettings = {
				ASSETCATALOG_COMPILER_APPICON_NAME = AppIcon;
				ASSETCATALOG_COMPILER_GLOBAL_ACCENT_COLOR_NAME = AccentColor;
				CODE_SIGN_STYLE = Automatic;
				CURRENT_PROJECT_VERSION = 1;
				GENERATE_INFOPLIST_FILE = YES;
				INFOPLIST_FILE = CoreDataProject/Info.plist;
				INFOPLIST_KEY_UIApplicationSupportsIndirectInputEvents = YES;
				INFOPLIST_KEY_UILaunchStoryboardName = LaunchScreen;
				INFOPLIST_KEY_UIMainStoryboardFile = Main;
				INFOPLIST_KEY_UISupportedInterfaceOrientations_iPad = "UIInterfaceOrientationPortrait UIInterfaceOrientationPortraitUpsideDown UIInterfaceOrientationLandscapeLeft UIInterfaceOrientationLandscapeRight";
				INFOPLIST_KEY_UISupportedInterfaceOrientations_iPhone = "UIInterfaceOrientationPortrait UIInterfaceOrientationLandscapeLeft UIInterfaceOrientationLandscapeRight";
				LD_RUNPATH_SEARCH_PATHS = (
					"$(inherited)",
					"@executable_path/Frameworks",
				);
				MARKETING_VERSION = 1.0;
				PRODUCT_BUNDLE_IDENTIFIER = Exercise.CoreDataProject;
				PRODUCT_NAME = "$(TARGET_NAME)";
				SWIFT_EMIT_LOC_STRINGS = YES;
				SWIFT_VERSION = 5.0;
				TARGETED_DEVICE_FAMILY = "1,2";
			};
			name = Debug;
		};
		9ED623AF2A41886A00C0CFDC /* Release */ = {
			isa = XCBuildConfiguration;
			buildSettings = {
				ASSETCATALOG_COMPILER_APPICON_NAME = AppIcon;
				ASSETCATALOG_COMPILER_GLOBAL_ACCENT_COLOR_NAME = AccentColor;
				CODE_SIGN_STYLE = Automatic;
				CURRENT_PROJECT_VERSION = 1;
				GENERATE_INFOPLIST_FILE = YES;
				INFOPLIST_FILE = CoreDataProject/Info.plist;
				INFOPLIST_KEY_UIApplicationSupportsIndirectInputEvents = YES;
				INFOPLIST_KEY_UILaunchStoryboardName = LaunchScreen;
				INFOPLIST_KEY_UIMainStoryboardFile = Main;
				INFOPLIST_KEY_UISupportedInterfaceOrientations_iPad = "UIInterfaceOrientationPortrait UIInterfaceOrientationPortraitUpsideDown UIInterfaceOrientationLandscapeLeft UIInterfaceOrientationLandscapeRight";
				INFOPLIST_KEY_UISupportedInterfaceOrientations_iPhone = "UIInterfaceOrientationPortrait UIInterfaceOrientationLandscapeLeft UIInterfaceOrientationLandscapeRight";
				LD_RUNPATH_SEARCH_PATHS = (
					"$(inherited)",
					"@executable_path/Frameworks",
				);
				MARKETING_VERSION = 1.0;
				PRODUCT_BUNDLE_IDENTIFIER = Exercise.CoreDataProject;
				PRODUCT_NAME = "$(TARGET_NAME)";
				SWIFT_EMIT_LOC_STRINGS = YES;
				SWIFT_VERSION = 5.0;
				TARGETED_DEVICE_FAMILY = "1,2";
			};
			name = Release;
		};
		9ED623B12A41886A00C0CFDC /* Debug */ = {
			isa = XCBuildConfiguration;
			buildSettings = {
				ALWAYS_EMBED_SWIFT_STANDARD_LIBRARIES = YES;
				BUNDLE_LOADER = "$(TEST_HOST)";
				CODE_SIGN_STYLE = Automatic;
				CURRENT_PROJECT_VERSION = 1;
				GENERATE_INFOPLIST_FILE = YES;
				IPHONEOS_DEPLOYMENT_TARGET = 16.4;
				MARKETING_VERSION = 1.0;
				PRODUCT_BUNDLE_IDENTIFIER = Exercise.CoreDataProjectTests;
				PRODUCT_NAME = "$(TARGET_NAME)";
				SWIFT_EMIT_LOC_STRINGS = NO;
				SWIFT_VERSION = 5.0;
				TARGETED_DEVICE_FAMILY = "1,2";
				TEST_HOST = "$(BUILT_PRODUCTS_DIR)/CoreDataProject.app/$(BUNDLE_EXECUTABLE_FOLDER_PATH)/CoreDataProject";
			};
			name = Debug;
		};
		9ED623B22A41886A00C0CFDC /* Release */ = {
			isa = XCBuildConfiguration;
			buildSettings = {
				ALWAYS_EMBED_SWIFT_STANDARD_LIBRARIES = YES;
				BUNDLE_LOADER = "$(TEST_HOST)";
				CODE_SIGN_STYLE = Automatic;
				CURRENT_PROJECT_VERSION = 1;
				GENERATE_INFOPLIST_FILE = YES;
				IPHONEOS_DEPLOYMENT_TARGET = 16.4;
				MARKETING_VERSION = 1.0;
				PRODUCT_BUNDLE_IDENTIFIER = Exercise.CoreDataProjectTests;
				PRODUCT_NAME = "$(TARGET_NAME)";
				SWIFT_EMIT_LOC_STRINGS = NO;
				SWIFT_VERSION = 5.0;
				TARGETED_DEVICE_FAMILY = "1,2";
				TEST_HOST = "$(BUILT_PRODUCTS_DIR)/CoreDataProject.app/$(BUNDLE_EXECUTABLE_FOLDER_PATH)/CoreDataProject";
			};
			name = Release;
		};
		9ED623B42A41886A00C0CFDC /* Debug */ = {
			isa = XCBuildConfiguration;
			buildSettings = {
				ALWAYS_EMBED_SWIFT_STANDARD_LIBRARIES = YES;
				CODE_SIGN_STYLE = Automatic;
				CURRENT_PROJECT_VERSION = 1;
				GENERATE_INFOPLIST_FILE = YES;
				MARKETING_VERSION = 1.0;
				PRODUCT_BUNDLE_IDENTIFIER = Exercise.CoreDataProjectUITests;
				PRODUCT_NAME = "$(TARGET_NAME)";
				SWIFT_EMIT_LOC_STRINGS = NO;
				SWIFT_VERSION = 5.0;
				TARGETED_DEVICE_FAMILY = "1,2";
				TEST_TARGET_NAME = CoreDataProject;
			};
			name = Debug;
		};
		9ED623B52A41886A00C0CFDC /* Release */ = {
			isa = XCBuildConfiguration;
			buildSettings = {
				ALWAYS_EMBED_SWIFT_STANDARD_LIBRARIES = YES;
				CODE_SIGN_STYLE = Automatic;
				CURRENT_PROJECT_VERSION = 1;
				GENERATE_INFOPLIST_FILE = YES;
				MARKETING_VERSION = 1.0;
				PRODUCT_BUNDLE_IDENTIFIER = Exercise.CoreDataProjectUITests;
				PRODUCT_NAME = "$(TARGET_NAME)";
				SWIFT_EMIT_LOC_STRINGS = NO;
				SWIFT_VERSION = 5.0;
				TARGETED_DEVICE_FAMILY = "1,2";
				TEST_TARGET_NAME = CoreDataProject;
			};
			name = Release;
		};
/* End XCBuildConfiguration section */

/* Begin XCConfigurationList section */
		9ED6237B2A41886800C0CFDC /* Build configuration list for PBXProject "CoreDataProject" */ = {
			isa = XCConfigurationList;
			buildConfigurations = (
				9ED623AB2A41886A00C0CFDC /* Debug */,
				9ED623AC2A41886A00C0CFDC /* Release */,
			);
			defaultConfigurationIsVisible = 0;
			defaultConfigurationName = Release;
		};
		9ED623AD2A41886A00C0CFDC /* Build configuration list for PBXNativeTarget "CoreDataProject" */ = {
			isa = XCConfigurationList;
			buildConfigurations = (
				9ED623AE2A41886A00C0CFDC /* Debug */,
				9ED623AF2A41886A00C0CFDC /* Release */,
			);
			defaultConfigurationIsVisible = 0;
			defaultConfigurationName = Release;
		};
		9ED623B02A41886A00C0CFDC /* Build configuration list for PBXNativeTarget "CoreDataProjectTests" */ = {
			isa = XCConfigurationList;
			buildConfigurations = (
				9ED623B12A41886A00C0CFDC /* Debug */,
				9ED623B22A41886A00C0CFDC /* Release */,
			);
			defaultConfigurationIsVisible = 0;
			defaultConfigurationName = Release;
		};
		9ED623B32A41886A00C0CFDC /* Build configuration list for PBXNativeTarget "CoreDataProjectUITests" */ = {
			isa = XCConfigurationList;
			buildConfigurations = (
				9ED623B42A41886A00C0CFDC /* Debug */,
				9ED623B52A41886A00C0CFDC /* Release */,
			);
			defaultConfigurationIsVisible = 0;
			defaultConfigurationName = Release;
		};
/* End XCConfigurationList section */

/* Begin XCVersionGroup section */
		9ED6238C2A41886800C0CFDC /* CoreDataProject.xcdatamodeld */ = {
			isa = XCVersionGroup;
			children = (
				9ED6238D2A41886800C0CFDC /* CoreDataProject.xcdatamodel */,
			);
			currentVersion = 9ED6238D2A41886800C0CFDC /* CoreDataProject.xcdatamodel */;
			path = CoreDataProject.xcdatamodeld;
			sourceTree = "<group>";
			versionGroupType = wrapper.xcdatamodel;
		};
/* End XCVersionGroup section */
	};
	rootObject = 9ED623782A41886800C0CFDC /* Project object */;
}
